// !$*UTF8*$!
{
	archiveVersion = 1;
	classes = {
	};
	objectVersion = 50;
	objects = {

/* Begin PBXBuildFile section */
		E618B25A22B4EAF10077D029 /* MainViewController.swift in Sources */ = {isa = PBXBuildFile; fileRef = E618B25922B4EAF10077D029 /* MainViewController.swift */; };
		E618B26122B4EBFA0077D029 /* Localizable.strings in Resources */ = {isa = PBXBuildFile; fileRef = E618B25F22B4EBFA0077D029 /* Localizable.strings */; };
		E618B26522B4EF710077D029 /* SearchViewController.swift in Sources */ = {isa = PBXBuildFile; fileRef = E618B26422B4EF710077D029 /* SearchViewController.swift */; };
		E618B26722B4F1E40077D029 /* SearchResultsViewController.swift in Sources */ = {isa = PBXBuildFile; fileRef = E618B26622B4F1E40077D029 /* SearchResultsViewController.swift */; };
		E618B26A22B4FAE60077D029 /* ArtistViewController.swift in Sources */ = {isa = PBXBuildFile; fileRef = E618B26922B4FAE60077D029 /* ArtistViewController.swift */; };
		E618B26D22B4FC930077D029 /* Album.swift in Sources */ = {isa = PBXBuildFile; fileRef = E618B26C22B4FC930077D029 /* Album.swift */; };
		E618B27022B4FD4B0077D029 /* AlbumDetailsViewController.swift in Sources */ = {isa = PBXBuildFile; fileRef = E618B26F22B4FD4B0077D029 /* AlbumDetailsViewController.swift */; };
		E618B27222B502960077D029 /* Keys.plist in Resources */ = {isa = PBXBuildFile; fileRef = E618B27122B502960077D029 /* Keys.plist */; };
		E6548C7122B5717100626B9C /* Webservice.swift in Sources */ = {isa = PBXBuildFile; fileRef = E6548C6E22B5717100626B9C /* Webservice.swift */; };
		E6548C7222B5717100626B9C /* CancelToken.swift in Sources */ = {isa = PBXBuildFile; fileRef = E6548C6F22B5717100626B9C /* CancelToken.swift */; };
		E6548C7322B5717100626B9C /* Resource.swift in Sources */ = {isa = PBXBuildFile; fileRef = E6548C7022B5717100626B9C /* Resource.swift */; };
		E6548C7722B5761100626B9C /* Artist+Resource.swift in Sources */ = {isa = PBXBuildFile; fileRef = E6548C7622B5761100626B9C /* Artist+Resource.swift */; };
		E6548C7922B5782700626B9C /* NetworkConfig.swift in Sources */ = {isa = PBXBuildFile; fileRef = E6548C7822B5782700626B9C /* NetworkConfig.swift */; };
		E6548C7B22B57FAD00626B9C /* Artist.swift in Sources */ = {isa = PBXBuildFile; fileRef = E6548C7A22B57FAD00626B9C /* Artist.swift */; };
		E6548C7D22B5867F00626B9C /* Album+Resource.swift in Sources */ = {isa = PBXBuildFile; fileRef = E6548C7C22B5867F00626B9C /* Album+Resource.swift */; };
		E6548C7F22B622C300626B9C /* AlbumCell.swift in Sources */ = {isa = PBXBuildFile; fileRef = E6548C7E22B622C300626B9C /* AlbumCell.swift */; };
		E6548C8222B624EB00626B9C /* UIView+SystemSpacing.swift in Sources */ = {isa = PBXBuildFile; fileRef = E6548C8122B624EB00626B9C /* UIView+SystemSpacing.swift */; };
		E6DDD21422B4E702002BFA61 /* AppDelegate.swift in Sources */ = {isa = PBXBuildFile; fileRef = E6DDD21322B4E702002BFA61 /* AppDelegate.swift */; };
		E6DDD21B22B4E703002BFA61 /* Assets.xcassets in Resources */ = {isa = PBXBuildFile; fileRef = E6DDD21A22B4E703002BFA61 /* Assets.xcassets */; };
		E6DDD21E22B4E703002BFA61 /* LaunchScreen.storyboard in Resources */ = {isa = PBXBuildFile; fileRef = E6DDD21C22B4E703002BFA61 /* LaunchScreen.storyboard */; };
		E6DDD22922B4E703002BFA61 /* MusicAlbumsTests.swift in Sources */ = {isa = PBXBuildFile; fileRef = E6DDD22822B4E703002BFA61 /* MusicAlbumsTests.swift */; };
/* End PBXBuildFile section */

/* Begin PBXContainerItemProxy section */
		E6DDD22522B4E703002BFA61 /* PBXContainerItemProxy */ = {
			isa = PBXContainerItemProxy;
			containerPortal = E6DDD20822B4E702002BFA61 /* Project object */;
			proxyType = 1;
			remoteGlobalIDString = E6DDD20F22B4E702002BFA61;
			remoteInfo = MusicAlbums;
		};
/* End PBXContainerItemProxy section */

/* Begin PBXFileReference section */
		E618B25922B4EAF10077D029 /* MainViewController.swift */ = {isa = PBXFileReference; lastKnownFileType = sourcecode.swift; path = MainViewController.swift; sourceTree = "<group>"; };
		E618B26022B4EBFA0077D029 /* Base */ = {isa = PBXFileReference; lastKnownFileType = text.plist.strings; name = Base; path = MusicAlbums/Base.lproj/Localizable.strings; sourceTree = "<group>"; };
		E618B26422B4EF710077D029 /* SearchViewController.swift */ = {isa = PBXFileReference; lastKnownFileType = sourcecode.swift; path = SearchViewController.swift; sourceTree = "<group>"; };
		E618B26622B4F1E40077D029 /* SearchResultsViewController.swift */ = {isa = PBXFileReference; lastKnownFileType = sourcecode.swift; path = SearchResultsViewController.swift; sourceTree = "<group>"; };
		E618B26922B4FAE60077D029 /* ArtistViewController.swift */ = {isa = PBXFileReference; lastKnownFileType = sourcecode.swift; path = ArtistViewController.swift; sourceTree = "<group>"; };
		E618B26C22B4FC930077D029 /* Album.swift */ = {isa = PBXFileReference; lastKnownFileType = sourcecode.swift; path = Album.swift; sourceTree = "<group>"; };
		E618B26F22B4FD4B0077D029 /* AlbumDetailsViewController.swift */ = {isa = PBXFileReference; lastKnownFileType = sourcecode.swift; path = AlbumDetailsViewController.swift; sourceTree = "<group>"; };
		E618B27122B502960077D029 /* Keys.plist */ = {isa = PBXFileReference; lastKnownFileType = text.plist.xml; path = Keys.plist; sourceTree = "<group>"; };
		E6548C6E22B5717100626B9C /* Webservice.swift */ = {isa = PBXFileReference; fileEncoding = 4; lastKnownFileType = sourcecode.swift; path = Webservice.swift; sourceTree = "<group>"; };
		E6548C6F22B5717100626B9C /* CancelToken.swift */ = {isa = PBXFileReference; fileEncoding = 4; lastKnownFileType = sourcecode.swift; path = CancelToken.swift; sourceTree = "<group>"; };
		E6548C7022B5717100626B9C /* Resource.swift */ = {isa = PBXFileReference; fileEncoding = 4; lastKnownFileType = sourcecode.swift; path = Resource.swift; sourceTree = "<group>"; };
		E6548C7622B5761100626B9C /* Artist+Resource.swift */ = {isa = PBXFileReference; lastKnownFileType = sourcecode.swift; path = "Artist+Resource.swift"; sourceTree = "<group>"; };
		E6548C7822B5782700626B9C /* NetworkConfig.swift */ = {isa = PBXFileReference; lastKnownFileType = sourcecode.swift; path = NetworkConfig.swift; sourceTree = "<group>"; };
		E6548C7A22B57FAD00626B9C /* Artist.swift */ = {isa = PBXFileReference; lastKnownFileType = sourcecode.swift; path = Artist.swift; sourceTree = "<group>"; };
		E6548C7C22B5867F00626B9C /* Album+Resource.swift */ = {isa = PBXFileReference; lastKnownFileType = sourcecode.swift; path = "Album+Resource.swift"; sourceTree = "<group>"; };
		E6548C7E22B622C300626B9C /* AlbumCell.swift */ = {isa = PBXFileReference; lastKnownFileType = sourcecode.swift; path = AlbumCell.swift; sourceTree = "<group>"; };
		E6548C8122B624EB00626B9C /* UIView+SystemSpacing.swift */ = {isa = PBXFileReference; lastKnownFileType = sourcecode.swift; path = "UIView+SystemSpacing.swift"; sourceTree = "<group>"; };
		E6DDD21022B4E702002BFA61 /* MusicAlbums.app */ = {isa = PBXFileReference; explicitFileType = wrapper.application; includeInIndex = 0; path = MusicAlbums.app; sourceTree = BUILT_PRODUCTS_DIR; };
		E6DDD21322B4E702002BFA61 /* AppDelegate.swift */ = {isa = PBXFileReference; lastKnownFileType = sourcecode.swift; path = AppDelegate.swift; sourceTree = "<group>"; };
		E6DDD21A22B4E703002BFA61 /* Assets.xcassets */ = {isa = PBXFileReference; lastKnownFileType = folder.assetcatalog; path = Assets.xcassets; sourceTree = "<group>"; };
		E6DDD21D22B4E703002BFA61 /* Base */ = {isa = PBXFileReference; lastKnownFileType = file.storyboard; name = Base; path = Base.lproj/LaunchScreen.storyboard; sourceTree = "<group>"; };
		E6DDD21F22B4E703002BFA61 /* Info.plist */ = {isa = PBXFileReference; lastKnownFileType = text.plist.xml; path = Info.plist; sourceTree = "<group>"; };
		E6DDD22422B4E703002BFA61 /* MusicAlbumsTests.xctest */ = {isa = PBXFileReference; explicitFileType = wrapper.cfbundle; includeInIndex = 0; path = MusicAlbumsTests.xctest; sourceTree = BUILT_PRODUCTS_DIR; };
		E6DDD22822B4E703002BFA61 /* MusicAlbumsTests.swift */ = {isa = PBXFileReference; lastKnownFileType = sourcecode.swift; path = MusicAlbumsTests.swift; sourceTree = "<group>"; };
		E6DDD22A22B4E703002BFA61 /* Info.plist */ = {isa = PBXFileReference; lastKnownFileType = text.plist.xml; path = Info.plist; sourceTree = "<group>"; };
/* End PBXFileReference section */

/* Begin PBXFrameworksBuildPhase section */
		E6DDD20D22B4E702002BFA61 /* Frameworks */ = {
			isa = PBXFrameworksBuildPhase;
			buildActionMask = 2147483647;
			files = (
			);
			runOnlyForDeploymentPostprocessing = 0;
		};
		E6DDD22122B4E703002BFA61 /* Frameworks */ = {
			isa = PBXFrameworksBuildPhase;
			buildActionMask = 2147483647;
			files = (
			);
			runOnlyForDeploymentPostprocessing = 0;
		};
/* End PBXFrameworksBuildPhase section */

/* Begin PBXGroup section */
		E618B25B22B4EAF90077D029 /* Scenes */ = {
			isa = PBXGroup;
			children = (
				E618B26E22B4FD370077D029 /* AlbumDetails */,
				E618B26822B4FAC90077D029 /* Artist */,
				E618B26322B4ED040077D029 /* Search */,
				E618B25D22B4EB090077D029 /* Main */,
			);
			name = Scenes;
			sourceTree = "<group>";
		};
		E618B25D22B4EB090077D029 /* Main */ = {
			isa = PBXGroup;
			children = (
				E618B25922B4EAF10077D029 /* MainViewController.swift */,
			);
			name = Main;
			sourceTree = "<group>";
		};
		E618B26222B4EC0E0077D029 /* Support */ = {
			isa = PBXGroup;
			children = (
				E6DDD21C22B4E703002BFA61 /* LaunchScreen.storyboard */,
				E6DDD21F22B4E703002BFA61 /* Info.plist */,
				E618B25F22B4EBFA0077D029 /* Localizable.strings */,
				E618B27122B502960077D029 /* Keys.plist */,
			);
			name = Support;
			sourceTree = "<group>";
		};
		E618B26322B4ED040077D029 /* Search */ = {
			isa = PBXGroup;
			children = (
				E618B26422B4EF710077D029 /* SearchViewController.swift */,
				E618B26622B4F1E40077D029 /* SearchResultsViewController.swift */,
				E6548C7622B5761100626B9C /* Artist+Resource.swift */,
			);
			name = Search;
			sourceTree = "<group>";
		};
		E618B26822B4FAC90077D029 /* Artist */ = {
			isa = PBXGroup;
			children = (
				E618B26922B4FAE60077D029 /* ArtistViewController.swift */,
				E6548C7C22B5867F00626B9C /* Album+Resource.swift */,
			);
			name = Artist;
			sourceTree = "<group>";
		};
		E618B26B22B4FC860077D029 /* Models */ = {
			isa = PBXGroup;
			children = (
				E618B26C22B4FC930077D029 /* Album.swift */,
				E6548C7A22B57FAD00626B9C /* Artist.swift */,
			);
			name = Models;
			sourceTree = "<group>";
		};
		E618B26E22B4FD370077D029 /* AlbumDetails */ = {
			isa = PBXGroup;
			children = (
				E618B26F22B4FD4B0077D029 /* AlbumDetailsViewController.swift */,
			);
			name = AlbumDetails;
			sourceTree = "<group>";
		};
		E6548C6D22B5716000626B9C /* Network */ = {
			isa = PBXGroup;
			children = (
				E6548C7822B5782700626B9C /* NetworkConfig.swift */,
				E6548C6F22B5717100626B9C /* CancelToken.swift */,
				E6548C7022B5717100626B9C /* Resource.swift */,
				E6548C6E22B5717100626B9C /* Webservice.swift */,
			);
			name = Network;
			sourceTree = "<group>";
		};
		E6548C8022B622C900626B9C /* Views */ = {
			isa = PBXGroup;
			children = (
				E6548C7E22B622C300626B9C /* AlbumCell.swift */,
				E6548C8122B624EB00626B9C /* UIView+SystemSpacing.swift */,
			);
			name = Views;
			sourceTree = "<group>";
		};
		E6DDD20722B4E702002BFA61 = {
			isa = PBXGroup;
			children = (
				E6DDD21222B4E702002BFA61 /* MusicAlbums */,
				E6DDD22722B4E703002BFA61 /* MusicAlbumsTests */,
				E6DDD21122B4E702002BFA61 /* Products */,
			);
			sourceTree = "<group>";
		};
		E6DDD21122B4E702002BFA61 /* Products */ = {
			isa = PBXGroup;
			children = (
				E6DDD21022B4E702002BFA61 /* MusicAlbums.app */,
				E6DDD22422B4E703002BFA61 /* MusicAlbumsTests.xctest */,
			);
			name = Products;
			sourceTree = "<group>";
		};
		E6DDD21222B4E702002BFA61 /* MusicAlbums */ = {
			isa = PBXGroup;
			children = (
				E6DDD21322B4E702002BFA61 /* AppDelegate.swift */,
				E6DDD21A22B4E703002BFA61 /* Assets.xcassets */,
				E618B26B22B4FC860077D029 /* Models */,
				E6548C6D22B5716000626B9C /* Network */,
				E618B25B22B4EAF90077D029 /* Scenes */,
				E6548C8022B622C900626B9C /* Views */,
				E618B26222B4EC0E0077D029 /* Support */,
			);
			path = MusicAlbums;
			sourceTree = "<group>";
		};
		E6DDD22722B4E703002BFA61 /* MusicAlbumsTests */ = {
			isa = PBXGroup;
			children = (
				E6DDD22822B4E703002BFA61 /* MusicAlbumsTests.swift */,
				E6DDD22A22B4E703002BFA61 /* Info.plist */,
			);
			path = MusicAlbumsTests;
			sourceTree = "<group>";
		};
/* End PBXGroup section */

/* Begin PBXNativeTarget section */
		E6DDD20F22B4E702002BFA61 /* MusicAlbums */ = {
			isa = PBXNativeTarget;
			buildConfigurationList = E6DDD22D22B4E703002BFA61 /* Build configuration list for PBXNativeTarget "MusicAlbums" */;
			buildPhases = (
				E6DDD20C22B4E702002BFA61 /* Sources */,
				E6DDD20D22B4E702002BFA61 /* Frameworks */,
				E6DDD20E22B4E702002BFA61 /* Resources */,
			);
			buildRules = (
			);
			dependencies = (
			);
			name = MusicAlbums;
			productName = MusicAlbums;
			productReference = E6DDD21022B4E702002BFA61 /* MusicAlbums.app */;
			productType = "com.apple.product-type.application";
		};
		E6DDD22322B4E703002BFA61 /* MusicAlbumsTests */ = {
			isa = PBXNativeTarget;
			buildConfigurationList = E6DDD23022B4E703002BFA61 /* Build configuration list for PBXNativeTarget "MusicAlbumsTests" */;
			buildPhases = (
				E6DDD22022B4E703002BFA61 /* Sources */,
				E6DDD22122B4E703002BFA61 /* Frameworks */,
				E6DDD22222B4E703002BFA61 /* Resources */,
			);
			buildRules = (
			);
			dependencies = (
				E6DDD22622B4E703002BFA61 /* PBXTargetDependency */,
			);
			name = MusicAlbumsTests;
			productName = MusicAlbumsTests;
			productReference = E6DDD22422B4E703002BFA61 /* MusicAlbumsTests.xctest */;
			productType = "com.apple.product-type.bundle.unit-test";
		};
/* End PBXNativeTarget section */

/* Begin PBXProject section */
		E6DDD20822B4E702002BFA61 /* Project object */ = {
			isa = PBXProject;
			attributes = {
				LastSwiftUpdateCheck = 1020;
				LastUpgradeCheck = 1020;
				TargetAttributes = {
					E6DDD20F22B4E702002BFA61 = {
						CreatedOnToolsVersion = 10.2.1;
					};
					E6DDD22322B4E703002BFA61 = {
						CreatedOnToolsVersion = 10.2.1;
						TestTargetID = E6DDD20F22B4E702002BFA61;
					};
				};
			};
			buildConfigurationList = E6DDD20B22B4E702002BFA61 /* Build configuration list for PBXProject "MusicAlbums" */;
			compatibilityVersion = "Xcode 9.3";
			developmentRegion = en;
			hasScannedForEncodings = 0;
			knownRegions = (
				en,
				Base,
			);
			mainGroup = E6DDD20722B4E702002BFA61;
			productRefGroup = E6DDD21122B4E702002BFA61 /* Products */;
			projectDirPath = "";
			projectRoot = "";
			targets = (
				E6DDD20F22B4E702002BFA61 /* MusicAlbums */,
				E6DDD22322B4E703002BFA61 /* MusicAlbumsTests */,
			);
		};
/* End PBXProject section */

/* Begin PBXResourcesBuildPhase section */
		E6DDD20E22B4E702002BFA61 /* Resources */ = {
			isa = PBXResourcesBuildPhase;
			buildActionMask = 2147483647;
			files = (
				E618B27222B502960077D029 /* Keys.plist in Resources */,
				E6DDD21E22B4E703002BFA61 /* LaunchScreen.storyboard in Resources */,
				E618B26122B4EBFA0077D029 /* Localizable.strings in Resources */,
				E6DDD21B22B4E703002BFA61 /* Assets.xcassets in Resources */,
			);
			runOnlyForDeploymentPostprocessing = 0;
		};
		E6DDD22222B4E703002BFA61 /* Resources */ = {
			isa = PBXResourcesBuildPhase;
			buildActionMask = 2147483647;
			files = (
			);
			runOnlyForDeploymentPostprocessing = 0;
		};
/* End PBXResourcesBuildPhase section */

/* Begin PBXSourcesBuildPhase section */
		E6DDD20C22B4E702002BFA61 /* Sources */ = {
			isa = PBXSourcesBuildPhase;
			buildActionMask = 2147483647;
			files = (
				E618B26522B4EF710077D029 /* SearchViewController.swift in Sources */,
				E6548C7922B5782700626B9C /* NetworkConfig.swift in Sources */,
				E618B25A22B4EAF10077D029 /* MainViewController.swift in Sources */,
				E6548C8222B624EB00626B9C /* UIView+SystemSpacing.swift in Sources */,
				E6548C7122B5717100626B9C /* Webservice.swift in Sources */,
				E6548C7322B5717100626B9C /* Resource.swift in Sources */,
				E6548C7B22B57FAD00626B9C /* Artist.swift in Sources */,
				E618B26722B4F1E40077D029 /* SearchResultsViewController.swift in Sources */,
				E6548C7722B5761100626B9C /* Artist+Resource.swift in Sources */,
				E6DDD21422B4E702002BFA61 /* AppDelegate.swift in Sources */,
				E6548C7F22B622C300626B9C /* AlbumCell.swift in Sources */,
				E6548C7D22B5867F00626B9C /* Album+Resource.swift in Sources */,
				E618B26A22B4FAE60077D029 /* ArtistViewController.swift in Sources */,
				E6548C7222B5717100626B9C /* CancelToken.swift in Sources */,
				E618B26D22B4FC930077D029 /* Album.swift in Sources */,
				E618B27022B4FD4B0077D029 /* AlbumDetailsViewController.swift in Sources */,
			);
			runOnlyForDeploymentPostprocessing = 0;
		};
		E6DDD22022B4E703002BFA61 /* Sources */ = {
			isa = PBXSourcesBuildPhase;
			buildActionMask = 2147483647;
			files = (
				E6DDD22922B4E703002BFA61 /* MusicAlbumsTests.swift in Sources */,
			);
			runOnlyForDeploymentPostprocessing = 0;
		};
/* End PBXSourcesBuildPhase section */

/* Begin PBXTargetDependency section */
		E6DDD22622B4E703002BFA61 /* PBXTargetDependency */ = {
			isa = PBXTargetDependency;
			target = E6DDD20F22B4E702002BFA61 /* MusicAlbums */;
			targetProxy = E6DDD22522B4E703002BFA61 /* PBXContainerItemProxy */;
		};
/* End PBXTargetDependency section */

/* Begin PBXVariantGroup section */
		E618B25F22B4EBFA0077D029 /* Localizable.strings */ = {
			isa = PBXVariantGroup;
			children = (
				E618B26022B4EBFA0077D029 /* Base */,
			);
			name = Localizable.strings;
			sourceTree = "<group>";
		};
		E6DDD21C22B4E703002BFA61 /* LaunchScreen.storyboard */ = {
			isa = PBXVariantGroup;
			children = (
				E6DDD21D22B4E703002BFA61 /* Base */,
			);
			name = LaunchScreen.storyboard;
			sourceTree = "<group>";
		};
/* End PBXVariantGroup section */

/* Begin XCBuildConfiguration section */
		E6DDD22B22B4E703002BFA61 /* Debug */ = {
			isa = XCBuildConfiguration;
			buildSettings = {
				ALWAYS_SEARCH_USER_PATHS = NO;
				CLANG_ANALYZER_LOCALIZABILITY_NONLOCALIZED = YES;
				CLANG_ANALYZER_NONNULL = YES;
				CLANG_ANALYZER_NUMBER_OBJECT_CONVERSION = YES_AGGRESSIVE;
				CLANG_CXX_LANGUAGE_STANDARD = "gnu++14";
				CLANG_CXX_LIBRARY = "libc++";
				CLANG_ENABLE_MODULES = YES;
				CLANG_ENABLE_OBJC_ARC = YES;
				CLANG_ENABLE_OBJC_WEAK = YES;
				CLANG_WARN_BLOCK_CAPTURE_AUTORELEASING = YES;
				CLANG_WARN_BOOL_CONVERSION = YES;
				CLANG_WARN_COMMA = YES;
				CLANG_WARN_CONSTANT_CONVERSION = YES;
				CLANG_WARN_DEPRECATED_OBJC_IMPLEMENTATIONS = YES;
				CLANG_WARN_DIRECT_OBJC_ISA_USAGE = YES_ERROR;
				CLANG_WARN_DOCUMENTATION_COMMENTS = YES;
				CLANG_WARN_EMPTY_BODY = YES;
				CLANG_WARN_ENUM_CONVERSION = YES;
				CLANG_WARN_INFINITE_RECURSION = YES;
				CLANG_WARN_INT_CONVERSION = YES;
				CLANG_WARN_NON_LITERAL_NULL_CONVERSION = YES;
				CLANG_WARN_OBJC_IMPLICIT_RETAIN_SELF = YES;
				CLANG_WARN_OBJC_LITERAL_CONVERSION = YES;
				CLANG_WARN_OBJC_ROOT_CLASS = YES_ERROR;
				CLANG_WARN_RANGE_LOOP_ANALYSIS = YES;
				CLANG_WARN_STRICT_PROTOTYPES = YES;
				CLANG_WARN_SUSPICIOUS_MOVE = YES;
				CLANG_WARN_UNGUARDED_AVAILABILITY = YES_AGGRESSIVE;
				CLANG_WARN_UNREACHABLE_CODE = YES;
				CLANG_WARN__DUPLICATE_METHOD_MATCH = YES;
				CODE_SIGN_IDENTITY = "iPhone Developer";
				COPY_PHASE_STRIP = NO;
				DEBUG_INFORMATION_FORMAT = dwarf;
				ENABLE_STRICT_OBJC_MSGSEND = YES;
				ENABLE_TESTABILITY = YES;
				GCC_C_LANGUAGE_STANDARD = gnu11;
				GCC_DYNAMIC_NO_PIC = NO;
				GCC_NO_COMMON_BLOCKS = YES;
				GCC_OPTIMIZATION_LEVEL = 0;
				GCC_PREPROCESSOR_DEFINITIONS = (
					"DEBUG=1",
					"$(inherited)",
				);
				GCC_WARN_64_TO_32_BIT_CONVERSION = YES;
				GCC_WARN_ABOUT_RETURN_TYPE = YES_ERROR;
				GCC_WARN_UNDECLARED_SELECTOR = YES;
				GCC_WARN_UNINITIALIZED_AUTOS = YES_AGGRESSIVE;
				GCC_WARN_UNUSED_FUNCTION = YES;
				GCC_WARN_UNUSED_VARIABLE = YES;
				IPHONEOS_DEPLOYMENT_TARGET = 12.2;
				MTL_ENABLE_DEBUG_INFO = INCLUDE_SOURCE;
				MTL_FAST_MATH = YES;
				ONLY_ACTIVE_ARCH = YES;
				SDKROOT = iphoneos;
				SWIFT_ACTIVE_COMPILATION_CONDITIONS = DEBUG;
				SWIFT_OPTIMIZATION_LEVEL = "-Onone";
			};
			name = Debug;
		};
		E6DDD22C22B4E703002BFA61 /* Release */ = {
			isa = XCBuildConfiguration;
			buildSettings = {
				ALWAYS_SEARCH_USER_PATHS = NO;
				CLANG_ANALYZER_LOCALIZABILITY_NONLOCALIZED = YES;
				CLANG_ANALYZER_NONNULL = YES;
				CLANG_ANALYZER_NUMBER_OBJECT_CONVERSION = YES_AGGRESSIVE;
				CLANG_CXX_LANGUAGE_STANDARD = "gnu++14";
				CLANG_CXX_LIBRARY = "libc++";
				CLANG_ENABLE_MODULES = YES;
				CLANG_ENABLE_OBJC_ARC = YES;
				CLANG_ENABLE_OBJC_WEAK = YES;
				CLANG_WARN_BLOCK_CAPTURE_AUTORELEASING = YES;
				CLANG_WARN_BOOL_CONVERSION = YES;
				CLANG_WARN_COMMA = YES;
				CLANG_WARN_CONSTANT_CONVERSION = YES;
				CLANG_WARN_DEPRECATED_OBJC_IMPLEMENTATIONS = YES;
				CLANG_WARN_DIRECT_OBJC_ISA_USAGE = YES_ERROR;
				CLANG_WARN_DOCUMENTATION_COMMENTS = YES;
				CLANG_WARN_EMPTY_BODY = YES;
				CLANG_WARN_ENUM_CONVERSION = YES;
				CLANG_WARN_INFINITE_RECURSION = YES;
				CLANG_WARN_INT_CONVERSION = YES;
				CLANG_WARN_NON_LITERAL_NULL_CONVERSION = YES;
				CLANG_WARN_OBJC_IMPLICIT_RETAIN_SELF = YES;
				CLANG_WARN_OBJC_LITERAL_CONVERSION = YES;
				CLANG_WARN_OBJC_ROOT_CLASS = YES_ERROR;
				CLANG_WARN_RANGE_LOOP_ANALYSIS = YES;
				CLANG_WARN_STRICT_PROTOTYPES = YES;
				CLANG_WARN_SUSPICIOUS_MOVE = YES;
				CLANG_WARN_UNGUARDED_AVAILABILITY = YES_AGGRESSIVE;
				CLANG_WARN_UNREACHABLE_CODE = YES;
				CLANG_WARN__DUPLICATE_METHOD_MATCH = YES;
				CODE_SIGN_IDENTITY = "iPhone Developer";
				COPY_PHASE_STRIP = NO;
				DEBUG_INFORMATION_FORMAT = "dwarf-with-dsym";
				ENABLE_NS_ASSERTIONS = NO;
				ENABLE_STRICT_OBJC_MSGSEND = YES;
				GCC_C_LANGUAGE_STANDARD = gnu11;
				GCC_NO_COMMON_BLOCKS = YES;
				GCC_WARN_64_TO_32_BIT_CONVERSION = YES;
				GCC_WARN_ABOUT_RETURN_TYPE = YES_ERROR;
				GCC_WARN_UNDECLARED_SELECTOR = YES;
				GCC_WARN_UNINITIALIZED_AUTOS = YES_AGGRESSIVE;
				GCC_WARN_UNUSED_FUNCTION = YES;
				GCC_WARN_UNUSED_VARIABLE = YES;
				IPHONEOS_DEPLOYMENT_TARGET = 12.2;
				MTL_ENABLE_DEBUG_INFO = NO;
				MTL_FAST_MATH = YES;
				SDKROOT = iphoneos;
				SWIFT_COMPILATION_MODE = wholemodule;
				SWIFT_OPTIMIZATION_LEVEL = "-O";
				VALIDATE_PRODUCT = YES;
			};
			name = Release;
		};
		E6DDD22E22B4E703002BFA61 /* Debug */ = {
			isa = XCBuildConfiguration;
			buildSettings = {
				ASSETCATALOG_COMPILER_APPICON_NAME = AppIcon;
				CODE_SIGN_STYLE = Automatic;
				DEVELOPMENT_TEAM = V3GCB27K47;
				INFOPLIST_FILE = MusicAlbums/Info.plist;
				IPHONEOS_DEPLOYMENT_TARGET = 10.3;
				LD_RUNPATH_SEARCH_PATHS = (
					"$(inherited)",
					"@executable_path/Frameworks",
				);
				PRODUCT_BUNDLE_IDENTIFIER = de.markusfassbender.MusicAlbums;
				PRODUCT_NAME = "$(TARGET_NAME)";
				SWIFT_VERSION = 5.0;
				TARGETED_DEVICE_FAMILY = 1;
			};
			name = Debug;
		};
		E6DDD22F22B4E703002BFA61 /* Release */ = {
			isa = XCBuildConfiguration;
			buildSettings = {
				ASSETCATALOG_COMPILER_APPICON_NAME = AppIcon;
				CODE_SIGN_STYLE = Automatic;
				DEVELOPMENT_TEAM = V3GCB27K47;
				INFOPLIST_FILE = MusicAlbums/Info.plist;
				IPHONEOS_DEPLOYMENT_TARGET = 10.3;
				LD_RUNPATH_SEARCH_PATHS = (
					"$(inherited)",
					"@executable_path/Frameworks",
				);
				PRODUCT_BUNDLE_IDENTIFIER = de.markusfassbender.MusicAlbums;
				PRODUCT_NAME = "$(TARGET_NAME)";
				SWIFT_VERSION = 5.0;
				TARGETED_DEVICE_FAMILY = 1;
			};
			name = Release;
		};
		E6DDD23122B4E703002BFA61 /* Debug */ = {
			isa = XCBuildConfiguration;
			buildSettings = {
				ALWAYS_EMBED_SWIFT_STANDARD_LIBRARIES = YES;
				BUNDLE_LOADER = "$(TEST_HOST)";
				CODE_SIGN_STYLE = Automatic;
				DEVELOPMENT_TEAM = V3GCB27K47;
				INFOPLIST_FILE = MusicAlbumsTests/Info.plist;
				LD_RUNPATH_SEARCH_PATHS = (
					"$(inherited)",
					"@executable_path/Frameworks",
					"@loader_path/Frameworks",
				);
				PRODUCT_BUNDLE_IDENTIFIER = de.markusfassbender.MusicAlbumsTests;
				PRODUCT_NAME = "$(TARGET_NAME)";
				SWIFT_VERSION = 5.0;
				TARGETED_DEVICE_FAMILY = "1,2";
				TEST_HOST = "$(BUILT_PRODUCTS_DIR)/MusicAlbums.app/MusicAlbums";
			};
			name = Debug;
		};
		E6DDD23222B4E703002BFA61 /* Release */ = {
			isa = XCBuildConfiguration;
			buildSettings = {
				ALWAYS_EMBED_SWIFT_STANDARD_LIBRARIES = YES;
				BUNDLE_LOADER = "$(TEST_HOST)";
				CODE_SIGN_STYLE = Automatic;
				DEVELOPMENT_TEAM = V3GCB27K47;
				INFOPLIST_FILE = MusicAlbumsTests/Info.plist;
				LD_RUNPATH_SEARCH_PATHS = (
					"$(inherited)",
					"@executable_path/Frameworks",
					"@loader_path/Frameworks",
				);
				PRODUCT_BUNDLE_IDENTIFIER = de.markusfassbender.MusicAlbumsTests;
				PRODUCT_NAME = "$(TARGET_NAME)";
				SWIFT_VERSION = 5.0;
				TARGETED_DEVICE_FAMILY = "1,2";
				TEST_HOST = "$(BUILT_PRODUCTS_DIR)/MusicAlbums.app/MusicAlbums";
			};
			name = Release;
		};
/* End XCBuildConfiguration section */

/* Begin XCConfigurationList section */
		E6DDD20B22B4E702002BFA61 /* Build configuration list for PBXProject "MusicAlbums" */ = {
			isa = XCConfigurationList;
			buildConfigurations = (
				E6DDD22B22B4E703002BFA61 /* Debug */,
				E6DDD22C22B4E703002BFA61 /* Release */,
			);
			defaultConfigurationIsVisible = 0;
			defaultConfigurationName = Release;
		};
		E6DDD22D22B4E703002BFA61 /* Build configuration list for PBXNativeTarget "MusicAlbums" */ = {
			isa = XCConfigurationList;
			buildConfigurations = (
				E6DDD22E22B4E703002BFA61 /* Debug */,
				E6DDD22F22B4E703002BFA61 /* Release */,
			);
			defaultConfigurationIsVisible = 0;
			defaultConfigurationName = Release;
		};
		E6DDD23022B4E703002BFA61 /* Build configuration list for PBXNativeTarget "MusicAlbumsTests" */ = {
			isa = XCConfigurationList;
			buildConfigurations = (
				E6DDD23122B4E703002BFA61 /* Debug */,
				E6DDD23222B4E703002BFA61 /* Release */,
			);
			defaultConfigurationIsVisible = 0;
			defaultConfigurationName = Release;
		};
/* End XCConfigurationList section */
	};
	rootObject = E6DDD20822B4E702002BFA61 /* Project object */;
}
