// !$*UTF8*$!
{
	archiveVersion = 1;
	classes = {
	};
	objectVersion = 52;
	objects = {

/* Begin PBXBuildFile section */
		275EED72CE39E5BAA3D32949 /* Pods_NetworkServiceTests.framework in Frameworks */ = {isa = PBXBuildFile; fileRef = 1AD2F969E8F58340FBC72B16 /* Pods_NetworkServiceTests.framework */; };
		28BAE17123D6FD0700408164 /* TabBarItemInstantiator.swift in Sources */ = {isa = PBXBuildFile; fileRef = 28BAE17023D6FD0700408164 /* TabBarItemInstantiator.swift */; };
		28BAE17323D6FED600408164 /* Tab.swift in Sources */ = {isa = PBXBuildFile; fileRef = 28BAE17223D6FED600408164 /* Tab.swift */; };
		558FFFA4DAEE4F3F308773FD /* Pods_MusicAlbumsTests.framework in Frameworks */ = {isa = PBXBuildFile; fileRef = 520C39B2B2EECDED44F9DA7C /* Pods_MusicAlbumsTests.framework */; };
		A4233A29A8B963D73FDB9F88 /* Pods_ModelsTests.framework in Frameworks */ = {isa = PBXBuildFile; fileRef = 205D29118CC3A93AF62DF93D /* Pods_ModelsTests.framework */; };
		AE761D0C902BC068D19055A7 /* Pods_Models.framework in Frameworks */ = {isa = PBXBuildFile; fileRef = 9C46BFAA6E1D0FAE70467049 /* Pods_Models.framework */; };
		B166390DE7EABA62E518FB3B /* Pods_NetworkService.framework in Frameworks */ = {isa = PBXBuildFile; fileRef = 461692E76F642F9698834827 /* Pods_NetworkService.framework */; };
		B50163B4DA6F3DA36D20FD7B /* Pods_DataStoreTests.framework in Frameworks */ = {isa = PBXBuildFile; fileRef = 93BEE04E7E9D78962714301E /* Pods_DataStoreTests.framework */; };
		E2E092724D8BADDF83FA8F51 /* Pods_MusicAlbums.framework in Frameworks */ = {isa = PBXBuildFile; fileRef = AA2C494440083BA6826C3506 /* Pods_MusicAlbums.framework */; };
		E618B25A22B4EAF10077D029 /* StoredAlbumsViewController.swift in Sources */ = {isa = PBXBuildFile; fileRef = E618B25922B4EAF10077D029 /* StoredAlbumsViewController.swift */; };
		E618B26122B4EBFA0077D029 /* Localizable.strings in Resources */ = {isa = PBXBuildFile; fileRef = E618B25F22B4EBFA0077D029 /* Localizable.strings */; };
		E618B26522B4EF710077D029 /* SearchViewController.swift in Sources */ = {isa = PBXBuildFile; fileRef = E618B26422B4EF710077D029 /* SearchViewController.swift */; };
		E618B26722B4F1E40077D029 /* SearchResultsViewController.swift in Sources */ = {isa = PBXBuildFile; fileRef = E618B26622B4F1E40077D029 /* SearchResultsViewController.swift */; };
		E618B26A22B4FAE60077D029 /* AlbumCollectionViewController.swift in Sources */ = {isa = PBXBuildFile; fileRef = E618B26922B4FAE60077D029 /* AlbumCollectionViewController.swift */; };
		E618B27022B4FD4B0077D029 /* AlbumDetailsViewController.swift in Sources */ = {isa = PBXBuildFile; fileRef = E618B26F22B4FD4B0077D029 /* AlbumDetailsViewController.swift */; };
		E6548C7F22B622C300626B9C /* AlbumCell.swift in Sources */ = {isa = PBXBuildFile; fileRef = E6548C7E22B622C300626B9C /* AlbumCell.swift */; };
		E6548C8222B624EB00626B9C /* UIView+SystemSpacing.swift in Sources */ = {isa = PBXBuildFile; fileRef = E6548C8122B624EB00626B9C /* UIView+SystemSpacing.swift */; };
		E6548C8422B63A5500626B9C /* AlbumDetailsView.swift in Sources */ = {isa = PBXBuildFile; fileRef = E6548C8322B63A5500626B9C /* AlbumDetailsView.swift */; };
		E6548C9222B6514E00626B9C /* AlbumTracksView.swift in Sources */ = {isa = PBXBuildFile; fileRef = E6548C9122B6514E00626B9C /* AlbumTracksView.swift */; };
		E6548C9422B6810500626B9C /* ArtistCell.swift in Sources */ = {isa = PBXBuildFile; fileRef = E6548C9322B6810500626B9C /* ArtistCell.swift */; };
		E6B59CDC22BB660A00F72E3A /* DataStore.framework in Frameworks */ = {isa = PBXBuildFile; fileRef = E6B59CD322BB660A00F72E3A /* DataStore.framework */; };
		E6B59CE322BB660A00F72E3A /* DataStoreTests.swift in Sources */ = {isa = PBXBuildFile; fileRef = E6B59CE222BB660A00F72E3A /* DataStoreTests.swift */; };
		E6B59CE522BB660A00F72E3A /* DataStore.h in Headers */ = {isa = PBXBuildFile; fileRef = E6B59CD522BB660A00F72E3A /* DataStore.h */; settings = {ATTRIBUTES = (Public, ); }; };
		E6B59CE822BB660A00F72E3A /* DataStore.framework in Frameworks */ = {isa = PBXBuildFile; fileRef = E6B59CD322BB660A00F72E3A /* DataStore.framework */; };
		E6B59CE922BB660A00F72E3A /* DataStore.framework in Embed Frameworks */ = {isa = PBXBuildFile; fileRef = E6B59CD322BB660A00F72E3A /* DataStore.framework */; settings = {ATTRIBUTES = (CodeSignOnCopy, RemoveHeadersOnCopy, ); }; };
		E6D6E96C22BB6A58003D6152 /* DataStore.swift in Sources */ = {isa = PBXBuildFile; fileRef = E6D6E96B22BB6A57003D6152 /* DataStore.swift */; };
		E6D6E96E22BB6AA2003D6152 /* DataStore+Album.swift in Sources */ = {isa = PBXBuildFile; fileRef = E6D6E96D22BB6AA2003D6152 /* DataStore+Album.swift */; };
		E6D6E97022BB6B6B003D6152 /* Album.swift in Sources */ = {isa = PBXBuildFile; fileRef = E6D6E96F22BB6B6B003D6152 /* Album.swift */; };
		E6D6E97322BB6D67003D6152 /* Artist.swift in Sources */ = {isa = PBXBuildFile; fileRef = E6D6E97222BB6D67003D6152 /* Artist.swift */; };
		E6D6E97522BB7497003D6152 /* ModelMappingProtocol.swift in Sources */ = {isa = PBXBuildFile; fileRef = E6D6E97422BB7497003D6152 /* ModelMappingProtocol.swift */; };
		E6D6E97722BB7B31003D6152 /* DataStoreAlbumTests.swift in Sources */ = {isa = PBXBuildFile; fileRef = E6D6E97622BB7B31003D6152 /* DataStoreAlbumTests.swift */; };
		E6D6E97922BB8DDA003D6152 /* DataStore+Error.swift in Sources */ = {isa = PBXBuildFile; fileRef = E6D6E97822BB8DDA003D6152 /* DataStore+Error.swift */; };
		E6D6E97B22BC17AC003D6152 /* AlbumCollectionDataSource.swift in Sources */ = {isa = PBXBuildFile; fileRef = E6D6E97A22BC17AC003D6152 /* AlbumCollectionDataSource.swift */; };
		E6DDD21422B4E702002BFA61 /* AppDelegate.swift in Sources */ = {isa = PBXBuildFile; fileRef = E6DDD21322B4E702002BFA61 /* AppDelegate.swift */; };
		E6DDD21B22B4E703002BFA61 /* Assets.xcassets in Resources */ = {isa = PBXBuildFile; fileRef = E6DDD21A22B4E703002BFA61 /* Assets.xcassets */; };
		E6DDD21E22B4E703002BFA61 /* LaunchScreen.storyboard in Resources */ = {isa = PBXBuildFile; fileRef = E6DDD21C22B4E703002BFA61 /* LaunchScreen.storyboard */; };
		E6DDD22922B4E703002BFA61 /* MusicAlbumsTests.swift in Sources */ = {isa = PBXBuildFile; fileRef = E6DDD22822B4E703002BFA61 /* MusicAlbumsTests.swift */; };
		E6F6638A22B82957005CFAA1 /* Stylesheet.swift in Sources */ = {isa = PBXBuildFile; fileRef = E6F6638922B82956005CFAA1 /* Stylesheet.swift */; };
		E6FE7F0022BAB0E7005E1339 /* Models.framework in Frameworks */ = {isa = PBXBuildFile; fileRef = E6FE7EF722BAB0E7005E1339 /* Models.framework */; };
		E6FE7F0922BAB0E7005E1339 /* Models.h in Headers */ = {isa = PBXBuildFile; fileRef = E6FE7EF922BAB0E7005E1339 /* Models.h */; settings = {ATTRIBUTES = (Public, ); }; };
		E6FE7F0C22BAB0E7005E1339 /* Models.framework in Frameworks */ = {isa = PBXBuildFile; fileRef = E6FE7EF722BAB0E7005E1339 /* Models.framework */; };
		E6FE7F0D22BAB0E7005E1339 /* Models.framework in Embed Frameworks */ = {isa = PBXBuildFile; fileRef = E6FE7EF722BAB0E7005E1339 /* Models.framework */; settings = {ATTRIBUTES = (CodeSignOnCopy, RemoveHeadersOnCopy, ); }; };
		E6FE7F1522BAB0F5005E1339 /* Artist.swift in Sources */ = {isa = PBXBuildFile; fileRef = E6548C7A22B57FAD00626B9C /* Artist.swift */; };
		E6FE7F1622BAB0F5005E1339 /* Album.swift in Sources */ = {isa = PBXBuildFile; fileRef = E618B26C22B4FC930077D029 /* Album.swift */; };
		E6FE7F1822BAB1C9005E1339 /* ArtistTests.swift in Sources */ = {isa = PBXBuildFile; fileRef = E6FE7F1722BAB1C9005E1339 /* ArtistTests.swift */; };
		E6FE7F1D22BAB2BE005E1339 /* pixel.png in Resources */ = {isa = PBXBuildFile; fileRef = E6FE7F1C22BAB2BE005E1339 /* pixel.png */; };
		E6FE7F1F22BABF18005E1339 /* AlbumTests.swift in Sources */ = {isa = PBXBuildFile; fileRef = E6FE7F1E22BABF18005E1339 /* AlbumTests.swift */; };
		E6FE7F2E22BAC326005E1339 /* NetworkService.framework in Frameworks */ = {isa = PBXBuildFile; fileRef = E6FE7F2522BAC326005E1339 /* NetworkService.framework */; };
		E6FE7F3722BAC326005E1339 /* NetworkService.h in Headers */ = {isa = PBXBuildFile; fileRef = E6FE7F2722BAC326005E1339 /* NetworkService.h */; settings = {ATTRIBUTES = (Public, ); }; };
		E6FE7F3A22BAC326005E1339 /* NetworkService.framework in Frameworks */ = {isa = PBXBuildFile; fileRef = E6FE7F2522BAC326005E1339 /* NetworkService.framework */; };
		E6FE7F3B22BAC326005E1339 /* NetworkService.framework in Embed Frameworks */ = {isa = PBXBuildFile; fileRef = E6FE7F2522BAC326005E1339 /* NetworkService.framework */; settings = {ATTRIBUTES = (CodeSignOnCopy, RemoveHeadersOnCopy, ); }; };
		E6FE7F4722BAC496005E1339 /* Config.swift in Sources */ = {isa = PBXBuildFile; fileRef = E6548C7822B5782700626B9C /* Config.swift */; };
		E6FE7F4822BAC496005E1339 /* Webservice.swift in Sources */ = {isa = PBXBuildFile; fileRef = E6548C6E22B5717100626B9C /* Webservice.swift */; };
		E6FE7F4922BAC496005E1339 /* CancelToken.swift in Sources */ = {isa = PBXBuildFile; fileRef = E6548C6F22B5717100626B9C /* CancelToken.swift */; };
		E6FE7F4A22BAC496005E1339 /* Resource.swift in Sources */ = {isa = PBXBuildFile; fileRef = E6548C7022B5717100626B9C /* Resource.swift */; };
		E6FE7F4D22BAC54E005E1339 /* Models.framework in Frameworks */ = {isa = PBXBuildFile; fileRef = E6FE7EF722BAB0E7005E1339 /* Models.framework */; };
		E6FE7F4E22BAC55C005E1339 /* LastFM+Constants.swift in Sources */ = {isa = PBXBuildFile; fileRef = E6548C8B22B6440D00626B9C /* LastFM+Constants.swift */; };
		E6FE7F4F22BAC55C005E1339 /* LastFM+Resource.swift in Sources */ = {isa = PBXBuildFile; fileRef = E6548C8822B6417100626B9C /* LastFM+Resource.swift */; };
		E6FE7F5022BAC55C005E1339 /* LastFM+Image.swift in Sources */ = {isa = PBXBuildFile; fileRef = E6F6638322B8183D005CFAA1 /* LastFM+Image.swift */; };
		E6FE7F5122BAC55C005E1339 /* Album+Resource.swift in Sources */ = {isa = PBXBuildFile; fileRef = E6548C7C22B5867F00626B9C /* Album+Resource.swift */; };
		E6FE7F5222BAC55C005E1339 /* Artist+Resource.swift in Sources */ = {isa = PBXBuildFile; fileRef = E6548C7622B5761100626B9C /* Artist+Resource.swift */; };
		E6FE7F5822BAC666005E1339 /* UIImage+Resource.swift in Sources */ = {isa = PBXBuildFile; fileRef = E6FE7F5722BAC666005E1339 /* UIImage+Resource.swift */; };
		E6FE7F5B22BAC69C005E1339 /* Keys.plist in Resources */ = {isa = PBXBuildFile; fileRef = E6FE7F5A22BAC69C005E1339 /* Keys.plist */; };
		E6FE7F5D22BAC856005E1339 /* ConfigTests.swift in Sources */ = {isa = PBXBuildFile; fileRef = E6FE7F5C22BAC856005E1339 /* ConfigTests.swift */; };
		E6FE7F5F22BAC993005E1339 /* ResourceTests.swift in Sources */ = {isa = PBXBuildFile; fileRef = E6FE7F5E22BAC993005E1339 /* ResourceTests.swift */; };
		F1AA2619D5871CDCC5DBD49F /* Pods_DataStore.framework in Frameworks */ = {isa = PBXBuildFile; fileRef = 980E54AD4095B417F605F600 /* Pods_DataStore.framework */; };
/* End PBXBuildFile section */

/* Begin PBXContainerItemProxy section */
		E6B59CDD22BB660A00F72E3A /* PBXContainerItemProxy */ = {
			isa = PBXContainerItemProxy;
			containerPortal = E6DDD20822B4E702002BFA61 /* Project object */;
			proxyType = 1;
			remoteGlobalIDString = E6B59CD222BB660A00F72E3A;
			remoteInfo = DataStore;
		};
		E6B59CDF22BB660A00F72E3A /* PBXContainerItemProxy */ = {
			isa = PBXContainerItemProxy;
			containerPortal = E6DDD20822B4E702002BFA61 /* Project object */;
			proxyType = 1;
			remoteGlobalIDString = E6DDD20F22B4E702002BFA61;
			remoteInfo = MusicAlbums;
		};
		E6B59CE622BB660A00F72E3A /* PBXContainerItemProxy */ = {
			isa = PBXContainerItemProxy;
			containerPortal = E6DDD20822B4E702002BFA61 /* Project object */;
			proxyType = 1;
			remoteGlobalIDString = E6B59CD222BB660A00F72E3A;
			remoteInfo = DataStore;
		};
		E6DDD22522B4E703002BFA61 /* PBXContainerItemProxy */ = {
			isa = PBXContainerItemProxy;
			containerPortal = E6DDD20822B4E702002BFA61 /* Project object */;
			proxyType = 1;
			remoteGlobalIDString = E6DDD20F22B4E702002BFA61;
			remoteInfo = MusicAlbums;
		};
		E6FE7F0122BAB0E7005E1339 /* PBXContainerItemProxy */ = {
			isa = PBXContainerItemProxy;
			containerPortal = E6DDD20822B4E702002BFA61 /* Project object */;
			proxyType = 1;
			remoteGlobalIDString = E6FE7EF622BAB0E7005E1339;
			remoteInfo = Models;
		};
		E6FE7F0322BAB0E7005E1339 /* PBXContainerItemProxy */ = {
			isa = PBXContainerItemProxy;
			containerPortal = E6DDD20822B4E702002BFA61 /* Project object */;
			proxyType = 1;
			remoteGlobalIDString = E6DDD20F22B4E702002BFA61;
			remoteInfo = MusicAlbums;
		};
		E6FE7F0A22BAB0E7005E1339 /* PBXContainerItemProxy */ = {
			isa = PBXContainerItemProxy;
			containerPortal = E6DDD20822B4E702002BFA61 /* Project object */;
			proxyType = 1;
			remoteGlobalIDString = E6FE7EF622BAB0E7005E1339;
			remoteInfo = Models;
		};
		E6FE7F2F22BAC326005E1339 /* PBXContainerItemProxy */ = {
			isa = PBXContainerItemProxy;
			containerPortal = E6DDD20822B4E702002BFA61 /* Project object */;
			proxyType = 1;
			remoteGlobalIDString = E6FE7F2422BAC326005E1339;
			remoteInfo = NetworkService;
		};
		E6FE7F3122BAC326005E1339 /* PBXContainerItemProxy */ = {
			isa = PBXContainerItemProxy;
			containerPortal = E6DDD20822B4E702002BFA61 /* Project object */;
			proxyType = 1;
			remoteGlobalIDString = E6DDD20F22B4E702002BFA61;
			remoteInfo = MusicAlbums;
		};
		E6FE7F3822BAC326005E1339 /* PBXContainerItemProxy */ = {
			isa = PBXContainerItemProxy;
			containerPortal = E6DDD20822B4E702002BFA61 /* Project object */;
			proxyType = 1;
			remoteGlobalIDString = E6FE7F2422BAC326005E1339;
			remoteInfo = NetworkService;
		};
/* End PBXContainerItemProxy section */

/* Begin PBXCopyFilesBuildPhase section */
		E6FE7F1322BAB0E7005E1339 /* Embed Frameworks */ = {
			isa = PBXCopyFilesBuildPhase;
			buildActionMask = 2147483647;
			dstPath = "";
			dstSubfolderSpec = 10;
			files = (
				E6FE7F0D22BAB0E7005E1339 /* Models.framework in Embed Frameworks */,
				E6FE7F3B22BAC326005E1339 /* NetworkService.framework in Embed Frameworks */,
				E6B59CE922BB660A00F72E3A /* DataStore.framework in Embed Frameworks */,
			);
			name = "Embed Frameworks";
			runOnlyForDeploymentPostprocessing = 0;
		};
/* End PBXCopyFilesBuildPhase section */

/* Begin PBXFileReference section */
		10A459A489664700479698B4 /* Pods-Models.debug.xcconfig */ = {isa = PBXFileReference; includeInIndex = 1; lastKnownFileType = text.xcconfig; name = "Pods-Models.debug.xcconfig"; path = "Target Support Files/Pods-Models/Pods-Models.debug.xcconfig"; sourceTree = "<group>"; };
		1954E3C112CF924D6C58CA39 /* Pods-DataStoreTests.debug.xcconfig */ = {isa = PBXFileReference; includeInIndex = 1; lastKnownFileType = text.xcconfig; name = "Pods-DataStoreTests.debug.xcconfig"; path = "Target Support Files/Pods-DataStoreTests/Pods-DataStoreTests.debug.xcconfig"; sourceTree = "<group>"; };
		1AD2F969E8F58340FBC72B16 /* Pods_NetworkServiceTests.framework */ = {isa = PBXFileReference; explicitFileType = wrapper.framework; includeInIndex = 0; path = Pods_NetworkServiceTests.framework; sourceTree = BUILT_PRODUCTS_DIR; };
		205D29118CC3A93AF62DF93D /* Pods_ModelsTests.framework */ = {isa = PBXFileReference; explicitFileType = wrapper.framework; includeInIndex = 0; path = Pods_ModelsTests.framework; sourceTree = BUILT_PRODUCTS_DIR; };
		22607D7DCDB4E70CECEC7127 /* Pods-MusicAlbums.release.xcconfig */ = {isa = PBXFileReference; includeInIndex = 1; lastKnownFileType = text.xcconfig; name = "Pods-MusicAlbums.release.xcconfig"; path = "Target Support Files/Pods-MusicAlbums/Pods-MusicAlbums.release.xcconfig"; sourceTree = "<group>"; };
		242AC7B41EB9CD1B302ADCDF /* Pods-ModelsTests.debug.xcconfig */ = {isa = PBXFileReference; includeInIndex = 1; lastKnownFileType = text.xcconfig; name = "Pods-ModelsTests.debug.xcconfig"; path = "Target Support Files/Pods-ModelsTests/Pods-ModelsTests.debug.xcconfig"; sourceTree = "<group>"; };
		28BAE17023D6FD0700408164 /* TabBarItemInstantiator.swift */ = {isa = PBXFileReference; lastKnownFileType = sourcecode.swift; path = TabBarItemInstantiator.swift; sourceTree = "<group>"; };
		28BAE17223D6FED600408164 /* Tab.swift */ = {isa = PBXFileReference; lastKnownFileType = sourcecode.swift; path = Tab.swift; sourceTree = "<group>"; };
		35A3B0F074FFAABA3713BE41 /* Pods-MusicAlbumsTests.debug.xcconfig */ = {isa = PBXFileReference; includeInIndex = 1; lastKnownFileType = text.xcconfig; name = "Pods-MusicAlbumsTests.debug.xcconfig"; path = "Target Support Files/Pods-MusicAlbumsTests/Pods-MusicAlbumsTests.debug.xcconfig"; sourceTree = "<group>"; };
		3DEAB2D89EC5F7FE23B828FF /* Pods-NetworkServiceTests.debug.xcconfig */ = {isa = PBXFileReference; includeInIndex = 1; lastKnownFileType = text.xcconfig; name = "Pods-NetworkServiceTests.debug.xcconfig"; path = "Target Support Files/Pods-NetworkServiceTests/Pods-NetworkServiceTests.debug.xcconfig"; sourceTree = "<group>"; };
		461692E76F642F9698834827 /* Pods_NetworkService.framework */ = {isa = PBXFileReference; explicitFileType = wrapper.framework; includeInIndex = 0; path = Pods_NetworkService.framework; sourceTree = BUILT_PRODUCTS_DIR; };
		520C39B2B2EECDED44F9DA7C /* Pods_MusicAlbumsTests.framework */ = {isa = PBXFileReference; explicitFileType = wrapper.framework; includeInIndex = 0; path = Pods_MusicAlbumsTests.framework; sourceTree = BUILT_PRODUCTS_DIR; };
		54A9BBB4D6931CE810AC50A1 /* Pods-NetworkService.release.xcconfig */ = {isa = PBXFileReference; includeInIndex = 1; lastKnownFileType = text.xcconfig; name = "Pods-NetworkService.release.xcconfig"; path = "Target Support Files/Pods-NetworkService/Pods-NetworkService.release.xcconfig"; sourceTree = "<group>"; };
		77A2F11E7654F5BE5EDD2FF7 /* Pods-Models.release.xcconfig */ = {isa = PBXFileReference; includeInIndex = 1; lastKnownFileType = text.xcconfig; name = "Pods-Models.release.xcconfig"; path = "Target Support Files/Pods-Models/Pods-Models.release.xcconfig"; sourceTree = "<group>"; };
		93BEE04E7E9D78962714301E /* Pods_DataStoreTests.framework */ = {isa = PBXFileReference; explicitFileType = wrapper.framework; includeInIndex = 0; path = Pods_DataStoreTests.framework; sourceTree = BUILT_PRODUCTS_DIR; };
		95753F367FD53B2BD5F12EDD /* Pods-MusicAlbumsTests.release.xcconfig */ = {isa = PBXFileReference; includeInIndex = 1; lastKnownFileType = text.xcconfig; name = "Pods-MusicAlbumsTests.release.xcconfig"; path = "Target Support Files/Pods-MusicAlbumsTests/Pods-MusicAlbumsTests.release.xcconfig"; sourceTree = "<group>"; };
		980E54AD4095B417F605F600 /* Pods_DataStore.framework */ = {isa = PBXFileReference; explicitFileType = wrapper.framework; includeInIndex = 0; path = Pods_DataStore.framework; sourceTree = BUILT_PRODUCTS_DIR; };
		9C46BFAA6E1D0FAE70467049 /* Pods_Models.framework */ = {isa = PBXFileReference; explicitFileType = wrapper.framework; includeInIndex = 0; path = Pods_Models.framework; sourceTree = BUILT_PRODUCTS_DIR; };
		9FA2DDF7A8C4EB9E4CE5F19E /* Pods-MusicAlbums.debug.xcconfig */ = {isa = PBXFileReference; includeInIndex = 1; lastKnownFileType = text.xcconfig; name = "Pods-MusicAlbums.debug.xcconfig"; path = "Target Support Files/Pods-MusicAlbums/Pods-MusicAlbums.debug.xcconfig"; sourceTree = "<group>"; };
		A5E4178200334BE6AD06A861 /* Pods-NetworkService.debug.xcconfig */ = {isa = PBXFileReference; includeInIndex = 1; lastKnownFileType = text.xcconfig; name = "Pods-NetworkService.debug.xcconfig"; path = "Target Support Files/Pods-NetworkService/Pods-NetworkService.debug.xcconfig"; sourceTree = "<group>"; };
		AA2C494440083BA6826C3506 /* Pods_MusicAlbums.framework */ = {isa = PBXFileReference; explicitFileType = wrapper.framework; includeInIndex = 0; path = Pods_MusicAlbums.framework; sourceTree = BUILT_PRODUCTS_DIR; };
		AC767FDAA5EDA58857352A98 /* Pods-DataStore.release.xcconfig */ = {isa = PBXFileReference; includeInIndex = 1; lastKnownFileType = text.xcconfig; name = "Pods-DataStore.release.xcconfig"; path = "Target Support Files/Pods-DataStore/Pods-DataStore.release.xcconfig"; sourceTree = "<group>"; };
		B95F06E8A7589F7AB9CE1EC1 /* Pods-DataStoreTests.release.xcconfig */ = {isa = PBXFileReference; includeInIndex = 1; lastKnownFileType = text.xcconfig; name = "Pods-DataStoreTests.release.xcconfig"; path = "Target Support Files/Pods-DataStoreTests/Pods-DataStoreTests.release.xcconfig"; sourceTree = "<group>"; };
		DA48AA4E9B4A1E2E5EFCD62F /* Pods-DataStore.debug.xcconfig */ = {isa = PBXFileReference; includeInIndex = 1; lastKnownFileType = text.xcconfig; name = "Pods-DataStore.debug.xcconfig"; path = "Target Support Files/Pods-DataStore/Pods-DataStore.debug.xcconfig"; sourceTree = "<group>"; };
		DCC13EB4438714725A40AB0F /* Pods-NetworkServiceTests.release.xcconfig */ = {isa = PBXFileReference; includeInIndex = 1; lastKnownFileType = text.xcconfig; name = "Pods-NetworkServiceTests.release.xcconfig"; path = "Target Support Files/Pods-NetworkServiceTests/Pods-NetworkServiceTests.release.xcconfig"; sourceTree = "<group>"; };
		E618B25922B4EAF10077D029 /* StoredAlbumsViewController.swift */ = {isa = PBXFileReference; lastKnownFileType = sourcecode.swift; path = StoredAlbumsViewController.swift; sourceTree = "<group>"; };
		E618B26022B4EBFA0077D029 /* Base */ = {isa = PBXFileReference; lastKnownFileType = text.plist.strings; name = Base; path = MusicAlbums/Base.lproj/Localizable.strings; sourceTree = "<group>"; };
		E618B26422B4EF710077D029 /* SearchViewController.swift */ = {isa = PBXFileReference; lastKnownFileType = sourcecode.swift; path = SearchViewController.swift; sourceTree = "<group>"; };
		E618B26622B4F1E40077D029 /* SearchResultsViewController.swift */ = {isa = PBXFileReference; lastKnownFileType = sourcecode.swift; path = SearchResultsViewController.swift; sourceTree = "<group>"; };
		E618B26922B4FAE60077D029 /* AlbumCollectionViewController.swift */ = {isa = PBXFileReference; lastKnownFileType = sourcecode.swift; path = AlbumCollectionViewController.swift; sourceTree = "<group>"; };
		E618B26C22B4FC930077D029 /* Album.swift */ = {isa = PBXFileReference; lastKnownFileType = sourcecode.swift; path = Album.swift; sourceTree = "<group>"; };
		E618B26F22B4FD4B0077D029 /* AlbumDetailsViewController.swift */ = {isa = PBXFileReference; lastKnownFileType = sourcecode.swift; path = AlbumDetailsViewController.swift; sourceTree = "<group>"; };
		E6548C6E22B5717100626B9C /* Webservice.swift */ = {isa = PBXFileReference; fileEncoding = 4; lastKnownFileType = sourcecode.swift; path = Webservice.swift; sourceTree = "<group>"; };
		E6548C6F22B5717100626B9C /* CancelToken.swift */ = {isa = PBXFileReference; fileEncoding = 4; lastKnownFileType = sourcecode.swift; path = CancelToken.swift; sourceTree = "<group>"; };
		E6548C7022B5717100626B9C /* Resource.swift */ = {isa = PBXFileReference; fileEncoding = 4; lastKnownFileType = sourcecode.swift; path = Resource.swift; sourceTree = "<group>"; };
		E6548C7622B5761100626B9C /* Artist+Resource.swift */ = {isa = PBXFileReference; lastKnownFileType = sourcecode.swift; path = "Artist+Resource.swift"; sourceTree = "<group>"; };
		E6548C7822B5782700626B9C /* Config.swift */ = {isa = PBXFileReference; lastKnownFileType = sourcecode.swift; path = Config.swift; sourceTree = "<group>"; };
		E6548C7A22B57FAD00626B9C /* Artist.swift */ = {isa = PBXFileReference; lastKnownFileType = sourcecode.swift; path = Artist.swift; sourceTree = "<group>"; };
		E6548C7C22B5867F00626B9C /* Album+Resource.swift */ = {isa = PBXFileReference; lastKnownFileType = sourcecode.swift; path = "Album+Resource.swift"; sourceTree = "<group>"; };
		E6548C7E22B622C300626B9C /* AlbumCell.swift */ = {isa = PBXFileReference; lastKnownFileType = sourcecode.swift; path = AlbumCell.swift; sourceTree = "<group>"; };
		E6548C8122B624EB00626B9C /* UIView+SystemSpacing.swift */ = {isa = PBXFileReference; lastKnownFileType = sourcecode.swift; path = "UIView+SystemSpacing.swift"; sourceTree = "<group>"; };
		E6548C8322B63A5500626B9C /* AlbumDetailsView.swift */ = {isa = PBXFileReference; lastKnownFileType = sourcecode.swift; path = AlbumDetailsView.swift; sourceTree = "<group>"; };
		E6548C8822B6417100626B9C /* LastFM+Resource.swift */ = {isa = PBXFileReference; lastKnownFileType = sourcecode.swift; path = "LastFM+Resource.swift"; sourceTree = "<group>"; };
		E6548C8B22B6440D00626B9C /* LastFM+Constants.swift */ = {isa = PBXFileReference; lastKnownFileType = sourcecode.swift; path = "LastFM+Constants.swift"; sourceTree = "<group>"; };
		E6548C9122B6514E00626B9C /* AlbumTracksView.swift */ = {isa = PBXFileReference; lastKnownFileType = sourcecode.swift; path = AlbumTracksView.swift; sourceTree = "<group>"; };
		E6548C9322B6810500626B9C /* ArtistCell.swift */ = {isa = PBXFileReference; lastKnownFileType = sourcecode.swift; path = ArtistCell.swift; sourceTree = "<group>"; };
		E6B59CD322BB660A00F72E3A /* DataStore.framework */ = {isa = PBXFileReference; explicitFileType = wrapper.framework; includeInIndex = 0; path = DataStore.framework; sourceTree = BUILT_PRODUCTS_DIR; };
		E6B59CD522BB660A00F72E3A /* DataStore.h */ = {isa = PBXFileReference; lastKnownFileType = sourcecode.c.h; path = DataStore.h; sourceTree = "<group>"; };
		E6B59CD622BB660A00F72E3A /* Info.plist */ = {isa = PBXFileReference; lastKnownFileType = text.plist.xml; path = Info.plist; sourceTree = "<group>"; };
		E6B59CDB22BB660A00F72E3A /* DataStoreTests.xctest */ = {isa = PBXFileReference; explicitFileType = wrapper.cfbundle; includeInIndex = 0; path = DataStoreTests.xctest; sourceTree = BUILT_PRODUCTS_DIR; };
		E6B59CE222BB660A00F72E3A /* DataStoreTests.swift */ = {isa = PBXFileReference; lastKnownFileType = sourcecode.swift; path = DataStoreTests.swift; sourceTree = "<group>"; };
		E6B59CE422BB660A00F72E3A /* Info.plist */ = {isa = PBXFileReference; lastKnownFileType = text.plist.xml; path = Info.plist; sourceTree = "<group>"; };
		E6D6E96B22BB6A57003D6152 /* DataStore.swift */ = {isa = PBXFileReference; lastKnownFileType = sourcecode.swift; path = DataStore.swift; sourceTree = "<group>"; };
		E6D6E96D22BB6AA2003D6152 /* DataStore+Album.swift */ = {isa = PBXFileReference; lastKnownFileType = sourcecode.swift; path = "DataStore+Album.swift"; sourceTree = "<group>"; };
		E6D6E96F22BB6B6B003D6152 /* Album.swift */ = {isa = PBXFileReference; lastKnownFileType = sourcecode.swift; path = Album.swift; sourceTree = "<group>"; };
		E6D6E97222BB6D67003D6152 /* Artist.swift */ = {isa = PBXFileReference; lastKnownFileType = sourcecode.swift; path = Artist.swift; sourceTree = "<group>"; };
		E6D6E97422BB7497003D6152 /* ModelMappingProtocol.swift */ = {isa = PBXFileReference; lastKnownFileType = sourcecode.swift; path = ModelMappingProtocol.swift; sourceTree = "<group>"; };
		E6D6E97622BB7B31003D6152 /* DataStoreAlbumTests.swift */ = {isa = PBXFileReference; lastKnownFileType = sourcecode.swift; path = DataStoreAlbumTests.swift; sourceTree = "<group>"; };
		E6D6E97822BB8DDA003D6152 /* DataStore+Error.swift */ = {isa = PBXFileReference; lastKnownFileType = sourcecode.swift; path = "DataStore+Error.swift"; sourceTree = "<group>"; };
		E6D6E97A22BC17AC003D6152 /* AlbumCollectionDataSource.swift */ = {isa = PBXFileReference; lastKnownFileType = sourcecode.swift; path = AlbumCollectionDataSource.swift; sourceTree = "<group>"; };
		E6DDD21022B4E702002BFA61 /* MusicAlbums.app */ = {isa = PBXFileReference; explicitFileType = wrapper.application; includeInIndex = 0; path = MusicAlbums.app; sourceTree = BUILT_PRODUCTS_DIR; };
		E6DDD21322B4E702002BFA61 /* AppDelegate.swift */ = {isa = PBXFileReference; lastKnownFileType = sourcecode.swift; path = AppDelegate.swift; sourceTree = "<group>"; };
		E6DDD21A22B4E703002BFA61 /* Assets.xcassets */ = {isa = PBXFileReference; lastKnownFileType = folder.assetcatalog; path = Assets.xcassets; sourceTree = "<group>"; };
		E6DDD21D22B4E703002BFA61 /* Base */ = {isa = PBXFileReference; lastKnownFileType = file.storyboard; name = Base; path = Base.lproj/LaunchScreen.storyboard; sourceTree = "<group>"; };
		E6DDD21F22B4E703002BFA61 /* Info.plist */ = {isa = PBXFileReference; lastKnownFileType = text.plist.xml; path = Info.plist; sourceTree = "<group>"; };
		E6DDD22422B4E703002BFA61 /* MusicAlbumsTests.xctest */ = {isa = PBXFileReference; explicitFileType = wrapper.cfbundle; includeInIndex = 0; path = MusicAlbumsTests.xctest; sourceTree = BUILT_PRODUCTS_DIR; };
		E6DDD22822B4E703002BFA61 /* MusicAlbumsTests.swift */ = {isa = PBXFileReference; lastKnownFileType = sourcecode.swift; path = MusicAlbumsTests.swift; sourceTree = "<group>"; };
		E6DDD22A22B4E703002BFA61 /* Info.plist */ = {isa = PBXFileReference; lastKnownFileType = text.plist.xml; path = Info.plist; sourceTree = "<group>"; };
		E6F6638322B8183D005CFAA1 /* LastFM+Image.swift */ = {isa = PBXFileReference; lastKnownFileType = sourcecode.swift; path = "LastFM+Image.swift"; sourceTree = "<group>"; };
		E6F6638922B82956005CFAA1 /* Stylesheet.swift */ = {isa = PBXFileReference; fileEncoding = 4; lastKnownFileType = sourcecode.swift; path = Stylesheet.swift; sourceTree = "<group>"; };
		E6FE7EF722BAB0E7005E1339 /* Models.framework */ = {isa = PBXFileReference; explicitFileType = wrapper.framework; includeInIndex = 0; path = Models.framework; sourceTree = BUILT_PRODUCTS_DIR; };
		E6FE7EF922BAB0E7005E1339 /* Models.h */ = {isa = PBXFileReference; lastKnownFileType = sourcecode.c.h; path = Models.h; sourceTree = "<group>"; };
		E6FE7EFA22BAB0E7005E1339 /* Info.plist */ = {isa = PBXFileReference; lastKnownFileType = text.plist.xml; path = Info.plist; sourceTree = "<group>"; };
		E6FE7EFF22BAB0E7005E1339 /* ModelsTests.xctest */ = {isa = PBXFileReference; explicitFileType = wrapper.cfbundle; includeInIndex = 0; path = ModelsTests.xctest; sourceTree = BUILT_PRODUCTS_DIR; };
		E6FE7F0822BAB0E7005E1339 /* Info.plist */ = {isa = PBXFileReference; lastKnownFileType = text.plist.xml; path = Info.plist; sourceTree = "<group>"; };
		E6FE7F1722BAB1C9005E1339 /* ArtistTests.swift */ = {isa = PBXFileReference; lastKnownFileType = sourcecode.swift; path = ArtistTests.swift; sourceTree = "<group>"; };
		E6FE7F1C22BAB2BE005E1339 /* pixel.png */ = {isa = PBXFileReference; lastKnownFileType = image.png; path = pixel.png; sourceTree = "<group>"; };
		E6FE7F1E22BABF18005E1339 /* AlbumTests.swift */ = {isa = PBXFileReference; lastKnownFileType = sourcecode.swift; path = AlbumTests.swift; sourceTree = "<group>"; };
		E6FE7F2522BAC326005E1339 /* NetworkService.framework */ = {isa = PBXFileReference; explicitFileType = wrapper.framework; includeInIndex = 0; path = NetworkService.framework; sourceTree = BUILT_PRODUCTS_DIR; };
		E6FE7F2722BAC326005E1339 /* NetworkService.h */ = {isa = PBXFileReference; lastKnownFileType = sourcecode.c.h; path = NetworkService.h; sourceTree = "<group>"; };
		E6FE7F2822BAC326005E1339 /* Info.plist */ = {isa = PBXFileReference; lastKnownFileType = text.plist.xml; path = Info.plist; sourceTree = "<group>"; };
		E6FE7F2D22BAC326005E1339 /* NetworkServiceTests.xctest */ = {isa = PBXFileReference; explicitFileType = wrapper.cfbundle; includeInIndex = 0; path = NetworkServiceTests.xctest; sourceTree = BUILT_PRODUCTS_DIR; };
		E6FE7F3622BAC326005E1339 /* Info.plist */ = {isa = PBXFileReference; lastKnownFileType = text.plist.xml; path = Info.plist; sourceTree = "<group>"; };
		E6FE7F5722BAC666005E1339 /* UIImage+Resource.swift */ = {isa = PBXFileReference; lastKnownFileType = sourcecode.swift; path = "UIImage+Resource.swift"; sourceTree = "<group>"; };
		E6FE7F5A22BAC69C005E1339 /* Keys.plist */ = {isa = PBXFileReference; lastKnownFileType = text.plist.xml; path = Keys.plist; sourceTree = "<group>"; };
		E6FE7F5C22BAC856005E1339 /* ConfigTests.swift */ = {isa = PBXFileReference; lastKnownFileType = sourcecode.swift; path = ConfigTests.swift; sourceTree = "<group>"; };
		E6FE7F5E22BAC993005E1339 /* ResourceTests.swift */ = {isa = PBXFileReference; lastKnownFileType = sourcecode.swift; path = ResourceTests.swift; sourceTree = "<group>"; };
		FB59561EB8EF681B5C3DD725 /* Pods-ModelsTests.release.xcconfig */ = {isa = PBXFileReference; includeInIndex = 1; lastKnownFileType = text.xcconfig; name = "Pods-ModelsTests.release.xcconfig"; path = "Target Support Files/Pods-ModelsTests/Pods-ModelsTests.release.xcconfig"; sourceTree = "<group>"; };
/* End PBXFileReference section */

/* Begin PBXFrameworksBuildPhase section */
		E6B59CD022BB660A00F72E3A /* Frameworks */ = {
			isa = PBXFrameworksBuildPhase;
			buildActionMask = 2147483647;
			files = (
				F1AA2619D5871CDCC5DBD49F /* Pods_DataStore.framework in Frameworks */,
			);
			runOnlyForDeploymentPostprocessing = 0;
		};
		E6B59CD822BB660A00F72E3A /* Frameworks */ = {
			isa = PBXFrameworksBuildPhase;
			buildActionMask = 2147483647;
			files = (
				E6B59CDC22BB660A00F72E3A /* DataStore.framework in Frameworks */,
				B50163B4DA6F3DA36D20FD7B /* Pods_DataStoreTests.framework in Frameworks */,
			);
			runOnlyForDeploymentPostprocessing = 0;
		};
		E6DDD20D22B4E702002BFA61 /* Frameworks */ = {
			isa = PBXFrameworksBuildPhase;
			buildActionMask = 2147483647;
			files = (
				E6FE7F0C22BAB0E7005E1339 /* Models.framework in Frameworks */,
				E6FE7F3A22BAC326005E1339 /* NetworkService.framework in Frameworks */,
				E6B59CE822BB660A00F72E3A /* DataStore.framework in Frameworks */,
				E2E092724D8BADDF83FA8F51 /* Pods_MusicAlbums.framework in Frameworks */,
			);
			runOnlyForDeploymentPostprocessing = 0;
		};
		E6DDD22122B4E703002BFA61 /* Frameworks */ = {
			isa = PBXFrameworksBuildPhase;
			buildActionMask = 2147483647;
			files = (
				558FFFA4DAEE4F3F308773FD /* Pods_MusicAlbumsTests.framework in Frameworks */,
			);
			runOnlyForDeploymentPostprocessing = 0;
		};
		E6FE7EF422BAB0E7005E1339 /* Frameworks */ = {
			isa = PBXFrameworksBuildPhase;
			buildActionMask = 2147483647;
			files = (
				AE761D0C902BC068D19055A7 /* Pods_Models.framework in Frameworks */,
			);
			runOnlyForDeploymentPostprocessing = 0;
		};
		E6FE7EFC22BAB0E7005E1339 /* Frameworks */ = {
			isa = PBXFrameworksBuildPhase;
			buildActionMask = 2147483647;
			files = (
				E6FE7F0022BAB0E7005E1339 /* Models.framework in Frameworks */,
				A4233A29A8B963D73FDB9F88 /* Pods_ModelsTests.framework in Frameworks */,
			);
			runOnlyForDeploymentPostprocessing = 0;
		};
		E6FE7F2222BAC326005E1339 /* Frameworks */ = {
			isa = PBXFrameworksBuildPhase;
			buildActionMask = 2147483647;
			files = (
				E6FE7F4D22BAC54E005E1339 /* Models.framework in Frameworks */,
				B166390DE7EABA62E518FB3B /* Pods_NetworkService.framework in Frameworks */,
			);
			runOnlyForDeploymentPostprocessing = 0;
		};
		E6FE7F2A22BAC326005E1339 /* Frameworks */ = {
			isa = PBXFrameworksBuildPhase;
			buildActionMask = 2147483647;
			files = (
				E6FE7F2E22BAC326005E1339 /* NetworkService.framework in Frameworks */,
				275EED72CE39E5BAA3D32949 /* Pods_NetworkServiceTests.framework in Frameworks */,
			);
			runOnlyForDeploymentPostprocessing = 0;
		};
/* End PBXFrameworksBuildPhase section */

/* Begin PBXGroup section */
		28BAE16F23D6FBC600408164 /* Utility */ = {
			isa = PBXGroup;
			children = (
			);
			name = Utility;
			sourceTree = "<group>";
		};
		946F0FDB6D42A19F096FB5F2 /* Pods */ = {
			isa = PBXGroup;
			children = (
				10A459A489664700479698B4 /* Pods-Models.debug.xcconfig */,
				77A2F11E7654F5BE5EDD2FF7 /* Pods-Models.release.xcconfig */,
				242AC7B41EB9CD1B302ADCDF /* Pods-ModelsTests.debug.xcconfig */,
				FB59561EB8EF681B5C3DD725 /* Pods-ModelsTests.release.xcconfig */,
				9FA2DDF7A8C4EB9E4CE5F19E /* Pods-MusicAlbums.debug.xcconfig */,
				22607D7DCDB4E70CECEC7127 /* Pods-MusicAlbums.release.xcconfig */,
				35A3B0F074FFAABA3713BE41 /* Pods-MusicAlbumsTests.debug.xcconfig */,
				95753F367FD53B2BD5F12EDD /* Pods-MusicAlbumsTests.release.xcconfig */,
				A5E4178200334BE6AD06A861 /* Pods-NetworkService.debug.xcconfig */,
				54A9BBB4D6931CE810AC50A1 /* Pods-NetworkService.release.xcconfig */,
				3DEAB2D89EC5F7FE23B828FF /* Pods-NetworkServiceTests.debug.xcconfig */,
				DCC13EB4438714725A40AB0F /* Pods-NetworkServiceTests.release.xcconfig */,
				DA48AA4E9B4A1E2E5EFCD62F /* Pods-DataStore.debug.xcconfig */,
				AC767FDAA5EDA58857352A98 /* Pods-DataStore.release.xcconfig */,
				1954E3C112CF924D6C58CA39 /* Pods-DataStoreTests.debug.xcconfig */,
				B95F06E8A7589F7AB9CE1EC1 /* Pods-DataStoreTests.release.xcconfig */,
			);
			path = Pods;
			sourceTree = "<group>";
		};
		E618B25B22B4EAF90077D029 /* Scenes */ = {
			isa = PBXGroup;
			children = (
				28BAE17223D6FED600408164 /* Tab.swift */,
				28BAE17023D6FD0700408164 /* TabBarItemInstantiator.swift */,
				E618B26E22B4FD370077D029 /* AlbumDetails */,
				E618B26822B4FAC90077D029 /* AlbumCollection */,
				E618B26322B4ED040077D029 /* Search */,
				E618B25D22B4EB090077D029 /* StoredAlbumsViewController */,
			);
			name = Scenes;
			sourceTree = "<group>";
		};
		E618B25D22B4EB090077D029 /* StoredAlbumsViewController */ = {
			isa = PBXGroup;
			children = (
				E618B25922B4EAF10077D029 /* StoredAlbumsViewController.swift */,
			);
			name = StoredAlbumsViewController;
			sourceTree = "<group>";
		};
		E618B26222B4EC0E0077D029 /* Support */ = {
			isa = PBXGroup;
			children = (
				E6DDD21C22B4E703002BFA61 /* LaunchScreen.storyboard */,
				E6DDD21F22B4E703002BFA61 /* Info.plist */,
				E618B25F22B4EBFA0077D029 /* Localizable.strings */,
			);
			name = Support;
			sourceTree = "<group>";
		};
		E618B26322B4ED040077D029 /* Search */ = {
			isa = PBXGroup;
			children = (
				E618B26422B4EF710077D029 /* SearchViewController.swift */,
				E618B26622B4F1E40077D029 /* SearchResultsViewController.swift */,
			);
			name = Search;
			sourceTree = "<group>";
		};
		E618B26822B4FAC90077D029 /* AlbumCollection */ = {
			isa = PBXGroup;
			children = (
				E618B26922B4FAE60077D029 /* AlbumCollectionViewController.swift */,
				E6D6E97A22BC17AC003D6152 /* AlbumCollectionDataSource.swift */,
			);
			name = AlbumCollection;
			sourceTree = "<group>";
		};
		E618B26E22B4FD370077D029 /* AlbumDetails */ = {
			isa = PBXGroup;
			children = (
				E618B26F22B4FD4B0077D029 /* AlbumDetailsViewController.swift */,
				E6548C8322B63A5500626B9C /* AlbumDetailsView.swift */,
				E6548C9122B6514E00626B9C /* AlbumTracksView.swift */,
			);
			name = AlbumDetails;
			sourceTree = "<group>";
		};
		E6548C8022B622C900626B9C /* Views */ = {
			isa = PBXGroup;
			children = (
				E6F6638922B82956005CFAA1 /* Stylesheet.swift */,
				E6548C9322B6810500626B9C /* ArtistCell.swift */,
				E6548C7E22B622C300626B9C /* AlbumCell.swift */,
				E6548C8122B624EB00626B9C /* UIView+SystemSpacing.swift */,
			);
			name = Views;
			sourceTree = "<group>";
		};
		E6548C8522B63ED500626B9C /* LastFM */ = {
			isa = PBXGroup;
			children = (
				E6548C8B22B6440D00626B9C /* LastFM+Constants.swift */,
				E6548C8822B6417100626B9C /* LastFM+Resource.swift */,
				E6F6638322B8183D005CFAA1 /* LastFM+Image.swift */,
				E6548C7C22B5867F00626B9C /* Album+Resource.swift */,
				E6548C7622B5761100626B9C /* Artist+Resource.swift */,
			);
			name = LastFM;
			path = ../MusicAlbums;
			sourceTree = "<group>";
		};
		E6B59CD422BB660A00F72E3A /* DataStore */ = {
			isa = PBXGroup;
			children = (
				E6D6E97122BB6B70003D6152 /* Models */,
				E6D6E96B22BB6A57003D6152 /* DataStore.swift */,
				E6D6E96D22BB6AA2003D6152 /* DataStore+Album.swift */,
				E6D6E97822BB8DDA003D6152 /* DataStore+Error.swift */,
				E6B59CD522BB660A00F72E3A /* DataStore.h */,
				E6B59CD622BB660A00F72E3A /* Info.plist */,
			);
			path = DataStore;
			sourceTree = "<group>";
		};
		E6B59CE122BB660A00F72E3A /* DataStoreTests */ = {
			isa = PBXGroup;
			children = (
				E6B59CE222BB660A00F72E3A /* DataStoreTests.swift */,
				E6D6E97622BB7B31003D6152 /* DataStoreAlbumTests.swift */,
				E6B59CE422BB660A00F72E3A /* Info.plist */,
			);
			path = DataStoreTests;
			sourceTree = "<group>";
		};
		E6D6E97122BB6B70003D6152 /* Models */ = {
			isa = PBXGroup;
			children = (
				E6D6E97422BB7497003D6152 /* ModelMappingProtocol.swift */,
				E6D6E96F22BB6B6B003D6152 /* Album.swift */,
				E6D6E97222BB6D67003D6152 /* Artist.swift */,
			);
			path = Models;
			sourceTree = "<group>";
		};
		E6DDD20722B4E702002BFA61 = {
			isa = PBXGroup;
			children = (
				E6DDD21222B4E702002BFA61 /* MusicAlbums */,
				E6DDD22722B4E703002BFA61 /* MusicAlbumsTests */,
				E6FE7EF822BAB0E7005E1339 /* Models */,
				E6FE7F0522BAB0E7005E1339 /* ModelsTests */,
				E6FE7F2622BAC326005E1339 /* NetworkService */,
				E6FE7F3322BAC326005E1339 /* NetworkServiceTests */,
				E6B59CD422BB660A00F72E3A /* DataStore */,
				E6B59CE122BB660A00F72E3A /* DataStoreTests */,
				E6DDD21122B4E702002BFA61 /* Products */,
				E6FE7F4C22BAC54E005E1339 /* Frameworks */,
				946F0FDB6D42A19F096FB5F2 /* Pods */,
			);
			sourceTree = "<group>";
		};
		E6DDD21122B4E702002BFA61 /* Products */ = {
			isa = PBXGroup;
			children = (
				E6DDD21022B4E702002BFA61 /* MusicAlbums.app */,
				E6DDD22422B4E703002BFA61 /* MusicAlbumsTests.xctest */,
				E6FE7EF722BAB0E7005E1339 /* Models.framework */,
				E6FE7EFF22BAB0E7005E1339 /* ModelsTests.xctest */,
				E6FE7F2522BAC326005E1339 /* NetworkService.framework */,
				E6FE7F2D22BAC326005E1339 /* NetworkServiceTests.xctest */,
				E6B59CD322BB660A00F72E3A /* DataStore.framework */,
				E6B59CDB22BB660A00F72E3A /* DataStoreTests.xctest */,
			);
			name = Products;
			sourceTree = "<group>";
		};
		E6DDD21222B4E702002BFA61 /* MusicAlbums */ = {
			isa = PBXGroup;
			children = (
				E6DDD21322B4E702002BFA61 /* AppDelegate.swift */,
				E6DDD21A22B4E703002BFA61 /* Assets.xcassets */,
				E618B25B22B4EAF90077D029 /* Scenes */,
				E618B26222B4EC0E0077D029 /* Support */,
				28BAE16F23D6FBC600408164 /* Utility */,
				E6548C8022B622C900626B9C /* Views */,
			);
			path = MusicAlbums;
			sourceTree = "<group>";
		};
		E6DDD22722B4E703002BFA61 /* MusicAlbumsTests */ = {
			isa = PBXGroup;
			children = (
				E6DDD22822B4E703002BFA61 /* MusicAlbumsTests.swift */,
				E6DDD22A22B4E703002BFA61 /* Info.plist */,
			);
			path = MusicAlbumsTests;
			sourceTree = "<group>";
		};
		E6FE7EF822BAB0E7005E1339 /* Models */ = {
			isa = PBXGroup;
			children = (
				E618B26C22B4FC930077D029 /* Album.swift */,
				E6548C7A22B57FAD00626B9C /* Artist.swift */,
				E6FE7EF922BAB0E7005E1339 /* Models.h */,
				E6FE7EFA22BAB0E7005E1339 /* Info.plist */,
			);
			path = Models;
			sourceTree = "<group>";
		};
		E6FE7F0522BAB0E7005E1339 /* ModelsTests */ = {
			isa = PBXGroup;
			children = (
				E6FE7F1922BAB28B005E1339 /* Resources */,
				E6FE7F1E22BABF18005E1339 /* AlbumTests.swift */,
				E6FE7F1722BAB1C9005E1339 /* ArtistTests.swift */,
				E6FE7F0822BAB0E7005E1339 /* Info.plist */,
			);
			path = ModelsTests;
			sourceTree = "<group>";
		};
		E6FE7F1922BAB28B005E1339 /* Resources */ = {
			isa = PBXGroup;
			children = (
				E6FE7F1C22BAB2BE005E1339 /* pixel.png */,
			);
			path = Resources;
			sourceTree = "<group>";
		};
		E6FE7F2622BAC326005E1339 /* NetworkService */ = {
			isa = PBXGroup;
			children = (
				E6548C6F22B5717100626B9C /* CancelToken.swift */,
				E6548C7822B5782700626B9C /* Config.swift */,
				E6548C7022B5717100626B9C /* Resource.swift */,
				E6548C6E22B5717100626B9C /* Webservice.swift */,
				E6FE7F5922BAC66F005E1339 /* Extensions */,
				E6548C8522B63ED500626B9C /* LastFM */,
				E6FE7F2722BAC326005E1339 /* NetworkService.h */,
				E6FE7F2822BAC326005E1339 /* Info.plist */,
				E6FE7F5A22BAC69C005E1339 /* Keys.plist */,
			);
			path = NetworkService;
			sourceTree = "<group>";
		};
		E6FE7F3322BAC326005E1339 /* NetworkServiceTests */ = {
			isa = PBXGroup;
			children = (
				E6FE7F5C22BAC856005E1339 /* ConfigTests.swift */,
				E6FE7F5E22BAC993005E1339 /* ResourceTests.swift */,
				E6FE7F3622BAC326005E1339 /* Info.plist */,
			);
			path = NetworkServiceTests;
			sourceTree = "<group>";
		};
		E6FE7F4C22BAC54E005E1339 /* Frameworks */ = {
			isa = PBXGroup;
			children = (
				9C46BFAA6E1D0FAE70467049 /* Pods_Models.framework */,
				205D29118CC3A93AF62DF93D /* Pods_ModelsTests.framework */,
				AA2C494440083BA6826C3506 /* Pods_MusicAlbums.framework */,
				520C39B2B2EECDED44F9DA7C /* Pods_MusicAlbumsTests.framework */,
				461692E76F642F9698834827 /* Pods_NetworkService.framework */,
				1AD2F969E8F58340FBC72B16 /* Pods_NetworkServiceTests.framework */,
				980E54AD4095B417F605F600 /* Pods_DataStore.framework */,
				93BEE04E7E9D78962714301E /* Pods_DataStoreTests.framework */,
			);
			name = Frameworks;
			sourceTree = "<group>";
		};
		E6FE7F5922BAC66F005E1339 /* Extensions */ = {
			isa = PBXGroup;
			children = (
				E6FE7F5722BAC666005E1339 /* UIImage+Resource.swift */,
			);
			path = Extensions;
			sourceTree = "<group>";
		};
/* End PBXGroup section */

/* Begin PBXHeadersBuildPhase section */
		E6B59CCE22BB660A00F72E3A /* Headers */ = {
			isa = PBXHeadersBuildPhase;
			buildActionMask = 2147483647;
			files = (
				E6B59CE522BB660A00F72E3A /* DataStore.h in Headers */,
			);
			runOnlyForDeploymentPostprocessing = 0;
		};
		E6FE7EF222BAB0E7005E1339 /* Headers */ = {
			isa = PBXHeadersBuildPhase;
			buildActionMask = 2147483647;
			files = (
				E6FE7F0922BAB0E7005E1339 /* Models.h in Headers */,
			);
			runOnlyForDeploymentPostprocessing = 0;
		};
		E6FE7F2022BAC326005E1339 /* Headers */ = {
			isa = PBXHeadersBuildPhase;
			buildActionMask = 2147483647;
			files = (
				E6FE7F3722BAC326005E1339 /* NetworkService.h in Headers */,
			);
			runOnlyForDeploymentPostprocessing = 0;
		};
/* End PBXHeadersBuildPhase section */

/* Begin PBXNativeTarget section */
		E6B59CD222BB660A00F72E3A /* DataStore */ = {
			isa = PBXNativeTarget;
			buildConfigurationList = E6B59CEE22BB660A00F72E3A /* Build configuration list for PBXNativeTarget "DataStore" */;
			buildPhases = (
				F5077DDBBDA46E889962275A /* [CP] Check Pods Manifest.lock */,
				E6B59CCE22BB660A00F72E3A /* Headers */,
				E6B59CCF22BB660A00F72E3A /* Sources */,
				E6B59CD022BB660A00F72E3A /* Frameworks */,
				E6B59CD122BB660A00F72E3A /* Resources */,
			);
			buildRules = (
			);
			dependencies = (
			);
			name = DataStore;
			productName = DataStore;
			productReference = E6B59CD322BB660A00F72E3A /* DataStore.framework */;
			productType = "com.apple.product-type.framework";
		};
		E6B59CDA22BB660A00F72E3A /* DataStoreTests */ = {
			isa = PBXNativeTarget;
			buildConfigurationList = E6B59CEF22BB660A00F72E3A /* Build configuration list for PBXNativeTarget "DataStoreTests" */;
			buildPhases = (
				F60F7BD216CEB1D4FE10DDC2 /* [CP] Check Pods Manifest.lock */,
				E6B59CD722BB660A00F72E3A /* Sources */,
				E6B59CD822BB660A00F72E3A /* Frameworks */,
				E6B59CD922BB660A00F72E3A /* Resources */,
			);
			buildRules = (
			);
			dependencies = (
				E6B59CDE22BB660A00F72E3A /* PBXTargetDependency */,
				E6B59CE022BB660A00F72E3A /* PBXTargetDependency */,
			);
			name = DataStoreTests;
			productName = DataStoreTests;
			productReference = E6B59CDB22BB660A00F72E3A /* DataStoreTests.xctest */;
			productType = "com.apple.product-type.bundle.unit-test";
		};
		E6DDD20F22B4E702002BFA61 /* MusicAlbums */ = {
			isa = PBXNativeTarget;
			buildConfigurationList = E6DDD22D22B4E703002BFA61 /* Build configuration list for PBXNativeTarget "MusicAlbums" */;
			buildPhases = (
				E6E5F4E9E95C3C69A181DACD /* [CP] Check Pods Manifest.lock */,
				E6DDD20C22B4E702002BFA61 /* Sources */,
				E6DDD20D22B4E702002BFA61 /* Frameworks */,
				E6DDD20E22B4E702002BFA61 /* Resources */,
				E6FE7F1322BAB0E7005E1339 /* Embed Frameworks */,
				E15CF09BBE0A55A7BA5D8358 /* [CP] Embed Pods Frameworks */,
			);
			buildRules = (
			);
			dependencies = (
				E6FE7F0B22BAB0E7005E1339 /* PBXTargetDependency */,
				E6FE7F3922BAC326005E1339 /* PBXTargetDependency */,
				E6B59CE722BB660A00F72E3A /* PBXTargetDependency */,
			);
			name = MusicAlbums;
			productName = MusicAlbums;
			productReference = E6DDD21022B4E702002BFA61 /* MusicAlbums.app */;
			productType = "com.apple.product-type.application";
		};
		E6DDD22322B4E703002BFA61 /* MusicAlbumsTests */ = {
			isa = PBXNativeTarget;
			buildConfigurationList = E6DDD23022B4E703002BFA61 /* Build configuration list for PBXNativeTarget "MusicAlbumsTests" */;
			buildPhases = (
				8A58F943E85B28D8D8B485F8 /* [CP] Check Pods Manifest.lock */,
				E6DDD22022B4E703002BFA61 /* Sources */,
				E6DDD22122B4E703002BFA61 /* Frameworks */,
				E6DDD22222B4E703002BFA61 /* Resources */,
			);
			buildRules = (
			);
			dependencies = (
				E6DDD22622B4E703002BFA61 /* PBXTargetDependency */,
			);
			name = MusicAlbumsTests;
			productName = MusicAlbumsTests;
			productReference = E6DDD22422B4E703002BFA61 /* MusicAlbumsTests.xctest */;
			productType = "com.apple.product-type.bundle.unit-test";
		};
		E6FE7EF622BAB0E7005E1339 /* Models */ = {
			isa = PBXNativeTarget;
			buildConfigurationList = E6FE7F1222BAB0E7005E1339 /* Build configuration list for PBXNativeTarget "Models" */;
			buildPhases = (
				B497F65A1184D9A5645DFD0F /* [CP] Check Pods Manifest.lock */,
				E6FE7EF222BAB0E7005E1339 /* Headers */,
				E6FE7EF322BAB0E7005E1339 /* Sources */,
				E6FE7EF422BAB0E7005E1339 /* Frameworks */,
				E6FE7EF522BAB0E7005E1339 /* Resources */,
			);
			buildRules = (
			);
			dependencies = (
			);
			name = Models;
			productName = Models;
			productReference = E6FE7EF722BAB0E7005E1339 /* Models.framework */;
			productType = "com.apple.product-type.framework";
		};
		E6FE7EFE22BAB0E7005E1339 /* ModelsTests */ = {
			isa = PBXNativeTarget;
			buildConfigurationList = E6FE7F1422BAB0E7005E1339 /* Build configuration list for PBXNativeTarget "ModelsTests" */;
			buildPhases = (
				D9C9B808C4F39CFC4CDBEDCB /* [CP] Check Pods Manifest.lock */,
				E6FE7EFB22BAB0E7005E1339 /* Sources */,
				E6FE7EFC22BAB0E7005E1339 /* Frameworks */,
				E6FE7EFD22BAB0E7005E1339 /* Resources */,
			);
			buildRules = (
			);
			dependencies = (
				E6FE7F0222BAB0E7005E1339 /* PBXTargetDependency */,
				E6FE7F0422BAB0E7005E1339 /* PBXTargetDependency */,
			);
			name = ModelsTests;
			productName = ModelsTests;
			productReference = E6FE7EFF22BAB0E7005E1339 /* ModelsTests.xctest */;
			productType = "com.apple.product-type.bundle.unit-test";
		};
		E6FE7F2422BAC326005E1339 /* NetworkService */ = {
			isa = PBXNativeTarget;
			buildConfigurationList = E6FE7F3C22BAC326005E1339 /* Build configuration list for PBXNativeTarget "NetworkService" */;
			buildPhases = (
				2E7B3DE3F8F58764CB5E808E /* [CP] Check Pods Manifest.lock */,
				E6FE7F2022BAC326005E1339 /* Headers */,
				E6FE7F2122BAC326005E1339 /* Sources */,
				E6FE7F2222BAC326005E1339 /* Frameworks */,
				E6FE7F2322BAC326005E1339 /* Resources */,
			);
			buildRules = (
			);
			dependencies = (
			);
			name = NetworkService;
			productName = NetworkService;
			productReference = E6FE7F2522BAC326005E1339 /* NetworkService.framework */;
			productType = "com.apple.product-type.framework";
		};
		E6FE7F2C22BAC326005E1339 /* NetworkServiceTests */ = {
			isa = PBXNativeTarget;
			buildConfigurationList = E6FE7F3F22BAC326005E1339 /* Build configuration list for PBXNativeTarget "NetworkServiceTests" */;
			buildPhases = (
				92033F3BCD7C8F32D27B95BA /* [CP] Check Pods Manifest.lock */,
				E6FE7F2922BAC326005E1339 /* Sources */,
				E6FE7F2A22BAC326005E1339 /* Frameworks */,
				E6FE7F2B22BAC326005E1339 /* Resources */,
			);
			buildRules = (
			);
			dependencies = (
				E6FE7F3022BAC326005E1339 /* PBXTargetDependency */,
				E6FE7F3222BAC326005E1339 /* PBXTargetDependency */,
			);
			name = NetworkServiceTests;
			productName = NetworkServiceTests;
			productReference = E6FE7F2D22BAC326005E1339 /* NetworkServiceTests.xctest */;
			productType = "com.apple.product-type.bundle.unit-test";
		};
/* End PBXNativeTarget section */

/* Begin PBXProject section */
		E6DDD20822B4E702002BFA61 /* Project object */ = {
			isa = PBXProject;
			attributes = {
				LastSwiftUpdateCheck = 1020;
				LastUpgradeCheck = 1020;
				TargetAttributes = {
					E6B59CD222BB660A00F72E3A = {
						CreatedOnToolsVersion = 10.2.1;
						LastSwiftMigration = 1020;
					};
					E6B59CDA22BB660A00F72E3A = {
						CreatedOnToolsVersion = 10.2.1;
						TestTargetID = E6DDD20F22B4E702002BFA61;
					};
					E6DDD20F22B4E702002BFA61 = {
						CreatedOnToolsVersion = 10.2.1;
					};
					E6DDD22322B4E703002BFA61 = {
						CreatedOnToolsVersion = 10.2.1;
						TestTargetID = E6DDD20F22B4E702002BFA61;
					};
					E6FE7EF622BAB0E7005E1339 = {
						CreatedOnToolsVersion = 10.2.1;
					};
					E6FE7EFE22BAB0E7005E1339 = {
						CreatedOnToolsVersion = 10.2.1;
						TestTargetID = E6DDD20F22B4E702002BFA61;
					};
					E6FE7F2422BAC326005E1339 = {
						CreatedOnToolsVersion = 10.2.1;
					};
					E6FE7F2C22BAC326005E1339 = {
						CreatedOnToolsVersion = 10.2.1;
						TestTargetID = E6DDD20F22B4E702002BFA61;
					};
				};
			};
			buildConfigurationList = E6DDD20B22B4E702002BFA61 /* Build configuration list for PBXProject "MusicAlbums" */;
			compatibilityVersion = "Xcode 11.0";
			developmentRegion = en;
			hasScannedForEncodings = 0;
			knownRegions = (
				en,
				Base,
			);
			mainGroup = E6DDD20722B4E702002BFA61;
			productRefGroup = E6DDD21122B4E702002BFA61 /* Products */;
			projectDirPath = "";
			projectRoot = "";
			targets = (
				E6DDD20F22B4E702002BFA61 /* MusicAlbums */,
				E6DDD22322B4E703002BFA61 /* MusicAlbumsTests */,
				E6FE7EF622BAB0E7005E1339 /* Models */,
				E6FE7EFE22BAB0E7005E1339 /* ModelsTests */,
				E6FE7F2422BAC326005E1339 /* NetworkService */,
				E6FE7F2C22BAC326005E1339 /* NetworkServiceTests */,
				E6B59CD222BB660A00F72E3A /* DataStore */,
				E6B59CDA22BB660A00F72E3A /* DataStoreTests */,
			);
		};
/* End PBXProject section */

/* Begin PBXResourcesBuildPhase section */
		E6B59CD122BB660A00F72E3A /* Resources */ = {
			isa = PBXResourcesBuildPhase;
			buildActionMask = 2147483647;
			files = (
			);
			runOnlyForDeploymentPostprocessing = 0;
		};
		E6B59CD922BB660A00F72E3A /* Resources */ = {
			isa = PBXResourcesBuildPhase;
			buildActionMask = 2147483647;
			files = (
			);
			runOnlyForDeploymentPostprocessing = 0;
		};
		E6DDD20E22B4E702002BFA61 /* Resources */ = {
			isa = PBXResourcesBuildPhase;
			buildActionMask = 2147483647;
			files = (
				E6DDD21E22B4E703002BFA61 /* LaunchScreen.storyboard in Resources */,
				E618B26122B4EBFA0077D029 /* Localizable.strings in Resources */,
				E6DDD21B22B4E703002BFA61 /* Assets.xcassets in Resources */,
			);
			runOnlyForDeploymentPostprocessing = 0;
		};
		E6DDD22222B4E703002BFA61 /* Resources */ = {
			isa = PBXResourcesBuildPhase;
			buildActionMask = 2147483647;
			files = (
			);
			runOnlyForDeploymentPostprocessing = 0;
		};
		E6FE7EF522BAB0E7005E1339 /* Resources */ = {
			isa = PBXResourcesBuildPhase;
			buildActionMask = 2147483647;
			files = (
			);
			runOnlyForDeploymentPostprocessing = 0;
		};
		E6FE7EFD22BAB0E7005E1339 /* Resources */ = {
			isa = PBXResourcesBuildPhase;
			buildActionMask = 2147483647;
			files = (
				E6FE7F1D22BAB2BE005E1339 /* pixel.png in Resources */,
			);
			runOnlyForDeploymentPostprocessing = 0;
		};
		E6FE7F2322BAC326005E1339 /* Resources */ = {
			isa = PBXResourcesBuildPhase;
			buildActionMask = 2147483647;
			files = (
				E6FE7F5B22BAC69C005E1339 /* Keys.plist in Resources */,
			);
			runOnlyForDeploymentPostprocessing = 0;
		};
		E6FE7F2B22BAC326005E1339 /* Resources */ = {
			isa = PBXResourcesBuildPhase;
			buildActionMask = 2147483647;
			files = (
			);
			runOnlyForDeploymentPostprocessing = 0;
		};
/* End PBXResourcesBuildPhase section */

/* Begin PBXShellScriptBuildPhase section */
		2E7B3DE3F8F58764CB5E808E /* [CP] Check Pods Manifest.lock */ = {
			isa = PBXShellScriptBuildPhase;
			buildActionMask = 2147483647;
			files = (
			);
			inputFileListPaths = (
			);
			inputPaths = (
				"${PODS_PODFILE_DIR_PATH}/Podfile.lock",
				"${PODS_ROOT}/Manifest.lock",
			);
			name = "[CP] Check Pods Manifest.lock";
			outputFileListPaths = (
			);
			outputPaths = (
				"$(DERIVED_FILE_DIR)/Pods-NetworkService-checkManifestLockResult.txt",
			);
			runOnlyForDeploymentPostprocessing = 0;
			shellPath = /bin/sh;
			shellScript = "diff \"${PODS_PODFILE_DIR_PATH}/Podfile.lock\" \"${PODS_ROOT}/Manifest.lock\" > /dev/null\nif [ $? != 0 ] ; then\n    # print error to STDERR\n    echo \"error: The sandbox is not in sync with the Podfile.lock. Run 'pod install' or update your CocoaPods installation.\" >&2\n    exit 1\nfi\n# This output is used by Xcode 'outputs' to avoid re-running this script phase.\necho \"SUCCESS\" > \"${SCRIPT_OUTPUT_FILE_0}\"\n";
			showEnvVarsInLog = 0;
		};
		8A58F943E85B28D8D8B485F8 /* [CP] Check Pods Manifest.lock */ = {
			isa = PBXShellScriptBuildPhase;
			buildActionMask = 2147483647;
			files = (
			);
			inputFileListPaths = (
			);
			inputPaths = (
				"${PODS_PODFILE_DIR_PATH}/Podfile.lock",
				"${PODS_ROOT}/Manifest.lock",
			);
			name = "[CP] Check Pods Manifest.lock";
			outputFileListPaths = (
			);
			outputPaths = (
				"$(DERIVED_FILE_DIR)/Pods-MusicAlbumsTests-checkManifestLockResult.txt",
			);
			runOnlyForDeploymentPostprocessing = 0;
			shellPath = /bin/sh;
			shellScript = "diff \"${PODS_PODFILE_DIR_PATH}/Podfile.lock\" \"${PODS_ROOT}/Manifest.lock\" > /dev/null\nif [ $? != 0 ] ; then\n    # print error to STDERR\n    echo \"error: The sandbox is not in sync with the Podfile.lock. Run 'pod install' or update your CocoaPods installation.\" >&2\n    exit 1\nfi\n# This output is used by Xcode 'outputs' to avoid re-running this script phase.\necho \"SUCCESS\" > \"${SCRIPT_OUTPUT_FILE_0}\"\n";
			showEnvVarsInLog = 0;
		};
		92033F3BCD7C8F32D27B95BA /* [CP] Check Pods Manifest.lock */ = {
			isa = PBXShellScriptBuildPhase;
			buildActionMask = 2147483647;
			files = (
			);
			inputFileListPaths = (
			);
			inputPaths = (
				"${PODS_PODFILE_DIR_PATH}/Podfile.lock",
				"${PODS_ROOT}/Manifest.lock",
			);
			name = "[CP] Check Pods Manifest.lock";
			outputFileListPaths = (
			);
			outputPaths = (
				"$(DERIVED_FILE_DIR)/Pods-NetworkServiceTests-checkManifestLockResult.txt",
			);
			runOnlyForDeploymentPostprocessing = 0;
			shellPath = /bin/sh;
			shellScript = "diff \"${PODS_PODFILE_DIR_PATH}/Podfile.lock\" \"${PODS_ROOT}/Manifest.lock\" > /dev/null\nif [ $? != 0 ] ; then\n    # print error to STDERR\n    echo \"error: The sandbox is not in sync with the Podfile.lock. Run 'pod install' or update your CocoaPods installation.\" >&2\n    exit 1\nfi\n# This output is used by Xcode 'outputs' to avoid re-running this script phase.\necho \"SUCCESS\" > \"${SCRIPT_OUTPUT_FILE_0}\"\n";
			showEnvVarsInLog = 0;
		};
		B497F65A1184D9A5645DFD0F /* [CP] Check Pods Manifest.lock */ = {
			isa = PBXShellScriptBuildPhase;
			buildActionMask = 2147483647;
			files = (
			);
			inputFileListPaths = (
			);
			inputPaths = (
				"${PODS_PODFILE_DIR_PATH}/Podfile.lock",
				"${PODS_ROOT}/Manifest.lock",
			);
			name = "[CP] Check Pods Manifest.lock";
			outputFileListPaths = (
			);
			outputPaths = (
				"$(DERIVED_FILE_DIR)/Pods-Models-checkManifestLockResult.txt",
			);
			runOnlyForDeploymentPostprocessing = 0;
			shellPath = /bin/sh;
			shellScript = "diff \"${PODS_PODFILE_DIR_PATH}/Podfile.lock\" \"${PODS_ROOT}/Manifest.lock\" > /dev/null\nif [ $? != 0 ] ; then\n    # print error to STDERR\n    echo \"error: The sandbox is not in sync with the Podfile.lock. Run 'pod install' or update your CocoaPods installation.\" >&2\n    exit 1\nfi\n# This output is used by Xcode 'outputs' to avoid re-running this script phase.\necho \"SUCCESS\" > \"${SCRIPT_OUTPUT_FILE_0}\"\n";
			showEnvVarsInLog = 0;
		};
		D9C9B808C4F39CFC4CDBEDCB /* [CP] Check Pods Manifest.lock */ = {
			isa = PBXShellScriptBuildPhase;
			buildActionMask = 2147483647;
			files = (
			);
			inputFileListPaths = (
			);
			inputPaths = (
				"${PODS_PODFILE_DIR_PATH}/Podfile.lock",
				"${PODS_ROOT}/Manifest.lock",
			);
			name = "[CP] Check Pods Manifest.lock";
			outputFileListPaths = (
			);
			outputPaths = (
				"$(DERIVED_FILE_DIR)/Pods-ModelsTests-checkManifestLockResult.txt",
			);
			runOnlyForDeploymentPostprocessing = 0;
			shellPath = /bin/sh;
			shellScript = "diff \"${PODS_PODFILE_DIR_PATH}/Podfile.lock\" \"${PODS_ROOT}/Manifest.lock\" > /dev/null\nif [ $? != 0 ] ; then\n    # print error to STDERR\n    echo \"error: The sandbox is not in sync with the Podfile.lock. Run 'pod install' or update your CocoaPods installation.\" >&2\n    exit 1\nfi\n# This output is used by Xcode 'outputs' to avoid re-running this script phase.\necho \"SUCCESS\" > \"${SCRIPT_OUTPUT_FILE_0}\"\n";
			showEnvVarsInLog = 0;
		};
		E15CF09BBE0A55A7BA5D8358 /* [CP] Embed Pods Frameworks */ = {
			isa = PBXShellScriptBuildPhase;
			buildActionMask = 2147483647;
			files = (
			);
			inputFileListPaths = (
				"${PODS_ROOT}/Target Support Files/Pods-MusicAlbums/Pods-MusicAlbums-frameworks-${CONFIGURATION}-input-files.xcfilelist",
			);
			name = "[CP] Embed Pods Frameworks";
			outputFileListPaths = (
				"${PODS_ROOT}/Target Support Files/Pods-MusicAlbums/Pods-MusicAlbums-frameworks-${CONFIGURATION}-output-files.xcfilelist",
			);
			runOnlyForDeploymentPostprocessing = 0;
			shellPath = /bin/sh;
			shellScript = "\"${PODS_ROOT}/Target Support Files/Pods-MusicAlbums/Pods-MusicAlbums-frameworks.sh\"\n";
			showEnvVarsInLog = 0;
		};
		E6E5F4E9E95C3C69A181DACD /* [CP] Check Pods Manifest.lock */ = {
			isa = PBXShellScriptBuildPhase;
			buildActionMask = 2147483647;
			files = (
			);
			inputFileListPaths = (
			);
			inputPaths = (
				"${PODS_PODFILE_DIR_PATH}/Podfile.lock",
				"${PODS_ROOT}/Manifest.lock",
			);
			name = "[CP] Check Pods Manifest.lock";
			outputFileListPaths = (
			);
			outputPaths = (
				"$(DERIVED_FILE_DIR)/Pods-MusicAlbums-checkManifestLockResult.txt",
			);
			runOnlyForDeploymentPostprocessing = 0;
			shellPath = /bin/sh;
			shellScript = "diff \"${PODS_PODFILE_DIR_PATH}/Podfile.lock\" \"${PODS_ROOT}/Manifest.lock\" > /dev/null\nif [ $? != 0 ] ; then\n    # print error to STDERR\n    echo \"error: The sandbox is not in sync with the Podfile.lock. Run 'pod install' or update your CocoaPods installation.\" >&2\n    exit 1\nfi\n# This output is used by Xcode 'outputs' to avoid re-running this script phase.\necho \"SUCCESS\" > \"${SCRIPT_OUTPUT_FILE_0}\"\n";
			showEnvVarsInLog = 0;
		};
		F5077DDBBDA46E889962275A /* [CP] Check Pods Manifest.lock */ = {
			isa = PBXShellScriptBuildPhase;
			buildActionMask = 2147483647;
			files = (
			);
			inputFileListPaths = (
			);
			inputPaths = (
				"${PODS_PODFILE_DIR_PATH}/Podfile.lock",
				"${PODS_ROOT}/Manifest.lock",
			);
			name = "[CP] Check Pods Manifest.lock";
			outputFileListPaths = (
			);
			outputPaths = (
				"$(DERIVED_FILE_DIR)/Pods-DataStore-checkManifestLockResult.txt",
			);
			runOnlyForDeploymentPostprocessing = 0;
			shellPath = /bin/sh;
			shellScript = "diff \"${PODS_PODFILE_DIR_PATH}/Podfile.lock\" \"${PODS_ROOT}/Manifest.lock\" > /dev/null\nif [ $? != 0 ] ; then\n    # print error to STDERR\n    echo \"error: The sandbox is not in sync with the Podfile.lock. Run 'pod install' or update your CocoaPods installation.\" >&2\n    exit 1\nfi\n# This output is used by Xcode 'outputs' to avoid re-running this script phase.\necho \"SUCCESS\" > \"${SCRIPT_OUTPUT_FILE_0}\"\n";
			showEnvVarsInLog = 0;
		};
		F60F7BD216CEB1D4FE10DDC2 /* [CP] Check Pods Manifest.lock */ = {
			isa = PBXShellScriptBuildPhase;
			buildActionMask = 2147483647;
			files = (
			);
			inputFileListPaths = (
			);
			inputPaths = (
				"${PODS_PODFILE_DIR_PATH}/Podfile.lock",
				"${PODS_ROOT}/Manifest.lock",
			);
			name = "[CP] Check Pods Manifest.lock";
			outputFileListPaths = (
			);
			outputPaths = (
				"$(DERIVED_FILE_DIR)/Pods-DataStoreTests-checkManifestLockResult.txt",
			);
			runOnlyForDeploymentPostprocessing = 0;
			shellPath = /bin/sh;
			shellScript = "diff \"${PODS_PODFILE_DIR_PATH}/Podfile.lock\" \"${PODS_ROOT}/Manifest.lock\" > /dev/null\nif [ $? != 0 ] ; then\n    # print error to STDERR\n    echo \"error: The sandbox is not in sync with the Podfile.lock. Run 'pod install' or update your CocoaPods installation.\" >&2\n    exit 1\nfi\n# This output is used by Xcode 'outputs' to avoid re-running this script phase.\necho \"SUCCESS\" > \"${SCRIPT_OUTPUT_FILE_0}\"\n";
			showEnvVarsInLog = 0;
		};
/* End PBXShellScriptBuildPhase section */

/* Begin PBXSourcesBuildPhase section */
		E6B59CCF22BB660A00F72E3A /* Sources */ = {
			isa = PBXSourcesBuildPhase;
			buildActionMask = 2147483647;
			files = (
				E6D6E96E22BB6AA2003D6152 /* DataStore+Album.swift in Sources */,
				E6D6E96C22BB6A58003D6152 /* DataStore.swift in Sources */,
				E6D6E97922BB8DDA003D6152 /* DataStore+Error.swift in Sources */,
				E6D6E97322BB6D67003D6152 /* Artist.swift in Sources */,
				E6D6E97522BB7497003D6152 /* ModelMappingProtocol.swift in Sources */,
				E6D6E97022BB6B6B003D6152 /* Album.swift in Sources */,
			);
			runOnlyForDeploymentPostprocessing = 0;
		};
		E6B59CD722BB660A00F72E3A /* Sources */ = {
			isa = PBXSourcesBuildPhase;
			buildActionMask = 2147483647;
			files = (
				E6B59CE322BB660A00F72E3A /* DataStoreTests.swift in Sources */,
				E6D6E97722BB7B31003D6152 /* DataStoreAlbumTests.swift in Sources */,
			);
			runOnlyForDeploymentPostprocessing = 0;
		};
		E6DDD20C22B4E702002BFA61 /* Sources */ = {
			isa = PBXSourcesBuildPhase;
			buildActionMask = 2147483647;
			files = (
				28BAE17123D6FD0700408164 /* TabBarItemInstantiator.swift in Sources */,
				E6548C9422B6810500626B9C /* ArtistCell.swift in Sources */,
				E618B26522B4EF710077D029 /* SearchViewController.swift in Sources */,
				E618B25A22B4EAF10077D029 /* StoredAlbumsViewController.swift in Sources */,
				E6548C8422B63A5500626B9C /* AlbumDetailsView.swift in Sources */,
				E6F6638A22B82957005CFAA1 /* Stylesheet.swift in Sources */,
				E6D6E97B22BC17AC003D6152 /* AlbumCollectionDataSource.swift in Sources */,
				E6548C8222B624EB00626B9C /* UIView+SystemSpacing.swift in Sources */,
				E618B26722B4F1E40077D029 /* SearchResultsViewController.swift in Sources */,
				E6DDD21422B4E702002BFA61 /* AppDelegate.swift in Sources */,
				E6548C9222B6514E00626B9C /* AlbumTracksView.swift in Sources */,
				E6548C7F22B622C300626B9C /* AlbumCell.swift in Sources */,
				28BAE17323D6FED600408164 /* Tab.swift in Sources */,
				E618B26A22B4FAE60077D029 /* AlbumCollectionViewController.swift in Sources */,
				E618B27022B4FD4B0077D029 /* AlbumDetailsViewController.swift in Sources */,
			);
			runOnlyForDeploymentPostprocessing = 0;
		};
		E6DDD22022B4E703002BFA61 /* Sources */ = {
			isa = PBXSourcesBuildPhase;
			buildActionMask = 2147483647;
			files = (
				E6DDD22922B4E703002BFA61 /* MusicAlbumsTests.swift in Sources */,
			);
			runOnlyForDeploymentPostprocessing = 0;
		};
		E6FE7EF322BAB0E7005E1339 /* Sources */ = {
			isa = PBXSourcesBuildPhase;
			buildActionMask = 2147483647;
			files = (
				E6FE7F1522BAB0F5005E1339 /* Artist.swift in Sources */,
				E6FE7F1622BAB0F5005E1339 /* Album.swift in Sources */,
			);
			runOnlyForDeploymentPostprocessing = 0;
		};
		E6FE7EFB22BAB0E7005E1339 /* Sources */ = {
			isa = PBXSourcesBuildPhase;
			buildActionMask = 2147483647;
			files = (
				E6FE7F1822BAB1C9005E1339 /* ArtistTests.swift in Sources */,
				E6FE7F1F22BABF18005E1339 /* AlbumTests.swift in Sources */,
			);
			runOnlyForDeploymentPostprocessing = 0;
		};
		E6FE7F2122BAC326005E1339 /* Sources */ = {
			isa = PBXSourcesBuildPhase;
			buildActionMask = 2147483647;
			files = (
				E6FE7F4922BAC496005E1339 /* CancelToken.swift in Sources */,
				E6FE7F4F22BAC55C005E1339 /* LastFM+Resource.swift in Sources */,
				E6FE7F5022BAC55C005E1339 /* LastFM+Image.swift in Sources */,
				E6FE7F4A22BAC496005E1339 /* Resource.swift in Sources */,
				E6FE7F5122BAC55C005E1339 /* Album+Resource.swift in Sources */,
				E6FE7F4E22BAC55C005E1339 /* LastFM+Constants.swift in Sources */,
				E6FE7F4822BAC496005E1339 /* Webservice.swift in Sources */,
				E6FE7F5822BAC666005E1339 /* UIImage+Resource.swift in Sources */,
				E6FE7F5222BAC55C005E1339 /* Artist+Resource.swift in Sources */,
				E6FE7F4722BAC496005E1339 /* Config.swift in Sources */,
			);
			runOnlyForDeploymentPostprocessing = 0;
		};
		E6FE7F2922BAC326005E1339 /* Sources */ = {
			isa = PBXSourcesBuildPhase;
			buildActionMask = 2147483647;
			files = (
				E6FE7F5F22BAC993005E1339 /* ResourceTests.swift in Sources */,
				E6FE7F5D22BAC856005E1339 /* ConfigTests.swift in Sources */,
			);
			runOnlyForDeploymentPostprocessing = 0;
		};
/* End PBXSourcesBuildPhase section */

/* Begin PBXTargetDependency section */
		E6B59CDE22BB660A00F72E3A /* PBXTargetDependency */ = {
			isa = PBXTargetDependency;
			target = E6B59CD222BB660A00F72E3A /* DataStore */;
			targetProxy = E6B59CDD22BB660A00F72E3A /* PBXContainerItemProxy */;
		};
		E6B59CE022BB660A00F72E3A /* PBXTargetDependency */ = {
			isa = PBXTargetDependency;
			target = E6DDD20F22B4E702002BFA61 /* MusicAlbums */;
			targetProxy = E6B59CDF22BB660A00F72E3A /* PBXContainerItemProxy */;
		};
		E6B59CE722BB660A00F72E3A /* PBXTargetDependency */ = {
			isa = PBXTargetDependency;
			target = E6B59CD222BB660A00F72E3A /* DataStore */;
			targetProxy = E6B59CE622BB660A00F72E3A /* PBXContainerItemProxy */;
		};
		E6DDD22622B4E703002BFA61 /* PBXTargetDependency */ = {
			isa = PBXTargetDependency;
			target = E6DDD20F22B4E702002BFA61 /* MusicAlbums */;
			targetProxy = E6DDD22522B4E703002BFA61 /* PBXContainerItemProxy */;
		};
		E6FE7F0222BAB0E7005E1339 /* PBXTargetDependency */ = {
			isa = PBXTargetDependency;
			target = E6FE7EF622BAB0E7005E1339 /* Models */;
			targetProxy = E6FE7F0122BAB0E7005E1339 /* PBXContainerItemProxy */;
		};
		E6FE7F0422BAB0E7005E1339 /* PBXTargetDependency */ = {
			isa = PBXTargetDependency;
			target = E6DDD20F22B4E702002BFA61 /* MusicAlbums */;
			targetProxy = E6FE7F0322BAB0E7005E1339 /* PBXContainerItemProxy */;
		};
		E6FE7F0B22BAB0E7005E1339 /* PBXTargetDependency */ = {
			isa = PBXTargetDependency;
			target = E6FE7EF622BAB0E7005E1339 /* Models */;
			targetProxy = E6FE7F0A22BAB0E7005E1339 /* PBXContainerItemProxy */;
		};
		E6FE7F3022BAC326005E1339 /* PBXTargetDependency */ = {
			isa = PBXTargetDependency;
			target = E6FE7F2422BAC326005E1339 /* NetworkService */;
			targetProxy = E6FE7F2F22BAC326005E1339 /* PBXContainerItemProxy */;
		};
		E6FE7F3222BAC326005E1339 /* PBXTargetDependency */ = {
			isa = PBXTargetDependency;
			target = E6DDD20F22B4E702002BFA61 /* MusicAlbums */;
			targetProxy = E6FE7F3122BAC326005E1339 /* PBXContainerItemProxy */;
		};
		E6FE7F3922BAC326005E1339 /* PBXTargetDependency */ = {
			isa = PBXTargetDependency;
			target = E6FE7F2422BAC326005E1339 /* NetworkService */;
			targetProxy = E6FE7F3822BAC326005E1339 /* PBXContainerItemProxy */;
		};
/* End PBXTargetDependency section */

/* Begin PBXVariantGroup section */
		E618B25F22B4EBFA0077D029 /* Localizable.strings */ = {
			isa = PBXVariantGroup;
			children = (
				E618B26022B4EBFA0077D029 /* Base */,
			);
			name = Localizable.strings;
			sourceTree = "<group>";
		};
		E6DDD21C22B4E703002BFA61 /* LaunchScreen.storyboard */ = {
			isa = PBXVariantGroup;
			children = (
				E6DDD21D22B4E703002BFA61 /* Base */,
			);
			name = LaunchScreen.storyboard;
			sourceTree = "<group>";
		};
/* End PBXVariantGroup section */

/* Begin XCBuildConfiguration section */
		E6B59CEA22BB660A00F72E3A /* Debug */ = {
			isa = XCBuildConfiguration;
			baseConfigurationReference = DA48AA4E9B4A1E2E5EFCD62F /* Pods-DataStore.debug.xcconfig */;
			buildSettings = {
				CLANG_ENABLE_MODULES = YES;
				CODE_SIGN_IDENTITY = "";
				CODE_SIGN_STYLE = Automatic;
				CURRENT_PROJECT_VERSION = 1;
				DEFINES_MODULE = YES;
				DEVELOPMENT_TEAM = V3GCB27K47;
				DYLIB_COMPATIBILITY_VERSION = 1;
				DYLIB_CURRENT_VERSION = 1;
				DYLIB_INSTALL_NAME_BASE = "@rpath";
				INFOPLIST_FILE = DataStore/Info.plist;
				INSTALL_PATH = "$(LOCAL_LIBRARY_DIR)/Frameworks";
				IPHONEOS_DEPLOYMENT_TARGET = 13.2;
				LD_RUNPATH_SEARCH_PATHS = (
					"$(inherited)",
					"@executable_path/Frameworks",
					"@loader_path/Frameworks",
				);
				PRODUCT_BUNDLE_IDENTIFIER = de.markusfassbender.DataStore;
				PRODUCT_NAME = "$(TARGET_NAME:c99extidentifier)";
				SKIP_INSTALL = YES;
				SWIFT_OPTIMIZATION_LEVEL = "-Onone";
				TARGETED_DEVICE_FAMILY = "1,2";
				VERSIONING_SYSTEM = "apple-generic";
				VERSION_INFO_PREFIX = "";
			};
			name = Debug;
		};
		E6B59CEB22BB660A00F72E3A /* Release */ = {
			isa = XCBuildConfiguration;
			baseConfigurationReference = AC767FDAA5EDA58857352A98 /* Pods-DataStore.release.xcconfig */;
			buildSettings = {
				CLANG_ENABLE_MODULES = YES;
				CODE_SIGN_IDENTITY = "";
				CODE_SIGN_STYLE = Automatic;
				CURRENT_PROJECT_VERSION = 1;
				DEFINES_MODULE = YES;
				DEVELOPMENT_TEAM = V3GCB27K47;
				DYLIB_COMPATIBILITY_VERSION = 1;
				DYLIB_CURRENT_VERSION = 1;
				DYLIB_INSTALL_NAME_BASE = "@rpath";
				INFOPLIST_FILE = DataStore/Info.plist;
				INSTALL_PATH = "$(LOCAL_LIBRARY_DIR)/Frameworks";
				IPHONEOS_DEPLOYMENT_TARGET = 13.2;
				LD_RUNPATH_SEARCH_PATHS = (
					"$(inherited)",
					"@executable_path/Frameworks",
					"@loader_path/Frameworks",
				);
				PRODUCT_BUNDLE_IDENTIFIER = de.markusfassbender.DataStore;
				PRODUCT_NAME = "$(TARGET_NAME:c99extidentifier)";
				SKIP_INSTALL = YES;
				TARGETED_DEVICE_FAMILY = "1,2";
				VERSIONING_SYSTEM = "apple-generic";
				VERSION_INFO_PREFIX = "";
			};
			name = Release;
		};
		E6B59CEC22BB660A00F72E3A /* Debug */ = {
			isa = XCBuildConfiguration;
			baseConfigurationReference = 1954E3C112CF924D6C58CA39 /* Pods-DataStoreTests.debug.xcconfig */;
			buildSettings = {
				ALWAYS_EMBED_SWIFT_STANDARD_LIBRARIES = YES;
				CODE_SIGN_STYLE = Automatic;
				DEVELOPMENT_TEAM = V3GCB27K47;
				INFOPLIST_FILE = DataStoreTests/Info.plist;
				LD_RUNPATH_SEARCH_PATHS = (
					"$(inherited)",
					"@executable_path/Frameworks",
					"@loader_path/Frameworks",
				);
				PRODUCT_BUNDLE_IDENTIFIER = de.markusfassbender.DataStoreTests;
				PRODUCT_NAME = "$(TARGET_NAME)";
				TARGETED_DEVICE_FAMILY = "1,2";
				TEST_HOST = "$(BUILT_PRODUCTS_DIR)/MusicAlbums.app/MusicAlbums";
			};
			name = Debug;
		};
		E6B59CED22BB660A00F72E3A /* Release */ = {
			isa = XCBuildConfiguration;
			baseConfigurationReference = B95F06E8A7589F7AB9CE1EC1 /* Pods-DataStoreTests.release.xcconfig */;
			buildSettings = {
				ALWAYS_EMBED_SWIFT_STANDARD_LIBRARIES = YES;
				CODE_SIGN_STYLE = Automatic;
				DEVELOPMENT_TEAM = V3GCB27K47;
				INFOPLIST_FILE = DataStoreTests/Info.plist;
				LD_RUNPATH_SEARCH_PATHS = (
					"$(inherited)",
					"@executable_path/Frameworks",
					"@loader_path/Frameworks",
				);
				PRODUCT_BUNDLE_IDENTIFIER = de.markusfassbender.DataStoreTests;
				PRODUCT_NAME = "$(TARGET_NAME)";
				TARGETED_DEVICE_FAMILY = "1,2";
				TEST_HOST = "$(BUILT_PRODUCTS_DIR)/MusicAlbums.app/MusicAlbums";
			};
			name = Release;
		};
		E6DDD22B22B4E703002BFA61 /* Debug */ = {
			isa = XCBuildConfiguration;
			buildSettings = {
				ALWAYS_SEARCH_USER_PATHS = NO;
				CLANG_ANALYZER_LOCALIZABILITY_NONLOCALIZED = YES;
				CLANG_ANALYZER_NONNULL = YES;
				CLANG_ANALYZER_NUMBER_OBJECT_CONVERSION = YES_AGGRESSIVE;
				CLANG_CXX_LANGUAGE_STANDARD = "gnu++14";
				CLANG_CXX_LIBRARY = "libc++";
				CLANG_ENABLE_MODULES = YES;
				CLANG_ENABLE_OBJC_ARC = YES;
				CLANG_ENABLE_OBJC_WEAK = YES;
				CLANG_WARN_BLOCK_CAPTURE_AUTORELEASING = YES;
				CLANG_WARN_BOOL_CONVERSION = YES;
				CLANG_WARN_COMMA = YES;
				CLANG_WARN_CONSTANT_CONVERSION = YES;
				CLANG_WARN_DEPRECATED_OBJC_IMPLEMENTATIONS = YES;
				CLANG_WARN_DIRECT_OBJC_ISA_USAGE = YES_ERROR;
				CLANG_WARN_DOCUMENTATION_COMMENTS = YES;
				CLANG_WARN_EMPTY_BODY = YES;
				CLANG_WARN_ENUM_CONVERSION = YES;
				CLANG_WARN_INFINITE_RECURSION = YES;
				CLANG_WARN_INT_CONVERSION = YES;
				CLANG_WARN_NON_LITERAL_NULL_CONVERSION = YES;
				CLANG_WARN_OBJC_IMPLICIT_RETAIN_SELF = YES;
				CLANG_WARN_OBJC_LITERAL_CONVERSION = YES;
				CLANG_WARN_OBJC_ROOT_CLASS = YES_ERROR;
				CLANG_WARN_RANGE_LOOP_ANALYSIS = YES;
				CLANG_WARN_STRICT_PROTOTYPES = YES;
				CLANG_WARN_SUSPICIOUS_MOVE = YES;
				CLANG_WARN_UNGUARDED_AVAILABILITY = YES_AGGRESSIVE;
				CLANG_WARN_UNREACHABLE_CODE = YES;
				CLANG_WARN__DUPLICATE_METHOD_MATCH = YES;
				CODE_SIGN_IDENTITY = "iPhone Developer";
				COPY_PHASE_STRIP = NO;
				DEBUG_INFORMATION_FORMAT = dwarf;
				ENABLE_STRICT_OBJC_MSGSEND = YES;
				ENABLE_TESTABILITY = YES;
				GCC_C_LANGUAGE_STANDARD = gnu11;
				GCC_DYNAMIC_NO_PIC = NO;
				GCC_NO_COMMON_BLOCKS = YES;
				GCC_OPTIMIZATION_LEVEL = 0;
				GCC_PREPROCESSOR_DEFINITIONS = (
					"DEBUG=1",
					"$(inherited)",
				);
				GCC_WARN_64_TO_32_BIT_CONVERSION = YES;
				GCC_WARN_ABOUT_RETURN_TYPE = YES_ERROR;
				GCC_WARN_UNDECLARED_SELECTOR = YES;
				GCC_WARN_UNINITIALIZED_AUTOS = YES_AGGRESSIVE;
				GCC_WARN_UNUSED_FUNCTION = YES;
				GCC_WARN_UNUSED_VARIABLE = YES;
				IPHONEOS_DEPLOYMENT_TARGET = 13.2;
				MTL_ENABLE_DEBUG_INFO = INCLUDE_SOURCE;
				MTL_FAST_MATH = YES;
				ONLY_ACTIVE_ARCH = YES;
				SDKROOT = iphoneos;
				SWIFT_ACTIVE_COMPILATION_CONDITIONS = DEBUG;
				SWIFT_OPTIMIZATION_LEVEL = "-Onone";
				SWIFT_VERSION = 5.0;
			};
			name = Debug;
		};
		E6DDD22C22B4E703002BFA61 /* Release */ = {
			isa = XCBuildConfiguration;
			buildSettings = {
				ALWAYS_SEARCH_USER_PATHS = NO;
				CLANG_ANALYZER_LOCALIZABILITY_NONLOCALIZED = YES;
				CLANG_ANALYZER_NONNULL = YES;
				CLANG_ANALYZER_NUMBER_OBJECT_CONVERSION = YES_AGGRESSIVE;
				CLANG_CXX_LANGUAGE_STANDARD = "gnu++14";
				CLANG_CXX_LIBRARY = "libc++";
				CLANG_ENABLE_MODULES = YES;
				CLANG_ENABLE_OBJC_ARC = YES;
				CLANG_ENABLE_OBJC_WEAK = YES;
				CLANG_WARN_BLOCK_CAPTURE_AUTORELEASING = YES;
				CLANG_WARN_BOOL_CONVERSION = YES;
				CLANG_WARN_COMMA = YES;
				CLANG_WARN_CONSTANT_CONVERSION = YES;
				CLANG_WARN_DEPRECATED_OBJC_IMPLEMENTATIONS = YES;
				CLANG_WARN_DIRECT_OBJC_ISA_USAGE = YES_ERROR;
				CLANG_WARN_DOCUMENTATION_COMMENTS = YES;
				CLANG_WARN_EMPTY_BODY = YES;
				CLANG_WARN_ENUM_CONVERSION = YES;
				CLANG_WARN_INFINITE_RECURSION = YES;
				CLANG_WARN_INT_CONVERSION = YES;
				CLANG_WARN_NON_LITERAL_NULL_CONVERSION = YES;
				CLANG_WARN_OBJC_IMPLICIT_RETAIN_SELF = YES;
				CLANG_WARN_OBJC_LITERAL_CONVERSION = YES;
				CLANG_WARN_OBJC_ROOT_CLASS = YES_ERROR;
				CLANG_WARN_RANGE_LOOP_ANALYSIS = YES;
				CLANG_WARN_STRICT_PROTOTYPES = YES;
				CLANG_WARN_SUSPICIOUS_MOVE = YES;
				CLANG_WARN_UNGUARDED_AVAILABILITY = YES_AGGRESSIVE;
				CLANG_WARN_UNREACHABLE_CODE = YES;
				CLANG_WARN__DUPLICATE_METHOD_MATCH = YES;
				CODE_SIGN_IDENTITY = "iPhone Developer";
				COPY_PHASE_STRIP = NO;
				DEBUG_INFORMATION_FORMAT = "dwarf-with-dsym";
				ENABLE_NS_ASSERTIONS = NO;
				ENABLE_STRICT_OBJC_MSGSEND = YES;
				GCC_C_LANGUAGE_STANDARD = gnu11;
				GCC_NO_COMMON_BLOCKS = YES;
				GCC_WARN_64_TO_32_BIT_CONVERSION = YES;
				GCC_WARN_ABOUT_RETURN_TYPE = YES_ERROR;
				GCC_WARN_UNDECLARED_SELECTOR = YES;
				GCC_WARN_UNINITIALIZED_AUTOS = YES_AGGRESSIVE;
				GCC_WARN_UNUSED_FUNCTION = YES;
				GCC_WARN_UNUSED_VARIABLE = YES;
				IPHONEOS_DEPLOYMENT_TARGET = 13.2;
				MTL_ENABLE_DEBUG_INFO = NO;
				MTL_FAST_MATH = YES;
				SDKROOT = iphoneos;
				SWIFT_COMPILATION_MODE = wholemodule;
				SWIFT_OPTIMIZATION_LEVEL = "-O";
				SWIFT_VERSION = 5.0;
				VALIDATE_PRODUCT = YES;
			};
			name = Release;
		};
		E6DDD22E22B4E703002BFA61 /* Debug */ = {
			isa = XCBuildConfiguration;
			baseConfigurationReference = 9FA2DDF7A8C4EB9E4CE5F19E /* Pods-MusicAlbums.debug.xcconfig */;
			buildSettings = {
				ASSETCATALOG_COMPILER_APPICON_NAME = AppIcon;
				CODE_SIGN_STYLE = Automatic;
				DEVELOPMENT_TEAM = V3GCB27K47;
				INFOPLIST_FILE = MusicAlbums/Info.plist;
				IPHONEOS_DEPLOYMENT_TARGET = 13.2;
				LD_RUNPATH_SEARCH_PATHS = (
					"$(inherited)",
					"@executable_path/Frameworks",
				);
				PRODUCT_BUNDLE_IDENTIFIER = de.markusfassbender.MusicAlbums;
				PRODUCT_NAME = "$(TARGET_NAME)";
				TARGETED_DEVICE_FAMILY = 1;
			};
			name = Debug;
		};
		E6DDD22F22B4E703002BFA61 /* Release */ = {
			isa = XCBuildConfiguration;
			baseConfigurationReference = 22607D7DCDB4E70CECEC7127 /* Pods-MusicAlbums.release.xcconfig */;
			buildSettings = {
				ASSETCATALOG_COMPILER_APPICON_NAME = AppIcon;
				CODE_SIGN_STYLE = Automatic;
				DEVELOPMENT_TEAM = V3GCB27K47;
				INFOPLIST_FILE = MusicAlbums/Info.plist;
				IPHONEOS_DEPLOYMENT_TARGET = 13.2;
				LD_RUNPATH_SEARCH_PATHS = (
					"$(inherited)",
					"@executable_path/Frameworks",
				);
				PRODUCT_BUNDLE_IDENTIFIER = de.markusfassbender.MusicAlbums;
				PRODUCT_NAME = "$(TARGET_NAME)";
				TARGETED_DEVICE_FAMILY = 1;
			};
			name = Release;
		};
		E6DDD23122B4E703002BFA61 /* Debug */ = {
			isa = XCBuildConfiguration;
			baseConfigurationReference = 35A3B0F074FFAABA3713BE41 /* Pods-MusicAlbumsTests.debug.xcconfig */;
			buildSettings = {
				ALWAYS_EMBED_SWIFT_STANDARD_LIBRARIES = YES;
				BUNDLE_LOADER = "$(TEST_HOST)";
				CODE_SIGN_STYLE = Automatic;
				DEVELOPMENT_TEAM = V3GCB27K47;
				INFOPLIST_FILE = MusicAlbumsTests/Info.plist;
				LD_RUNPATH_SEARCH_PATHS = (
					"$(inherited)",
					"@executable_path/Frameworks",
					"@loader_path/Frameworks",
				);
				PRODUCT_BUNDLE_IDENTIFIER = de.markusfassbender.MusicAlbumsTests;
				PRODUCT_NAME = "$(TARGET_NAME)";
				TARGETED_DEVICE_FAMILY = "1,2";
				TEST_HOST = "$(BUILT_PRODUCTS_DIR)/MusicAlbums.app/MusicAlbums";
			};
			name = Debug;
		};
		E6DDD23222B4E703002BFA61 /* Release */ = {
			isa = XCBuildConfiguration;
			baseConfigurationReference = 95753F367FD53B2BD5F12EDD /* Pods-MusicAlbumsTests.release.xcconfig */;
			buildSettings = {
				ALWAYS_EMBED_SWIFT_STANDARD_LIBRARIES = YES;
				BUNDLE_LOADER = "$(TEST_HOST)";
				CODE_SIGN_STYLE = Automatic;
				DEVELOPMENT_TEAM = V3GCB27K47;
				INFOPLIST_FILE = MusicAlbumsTests/Info.plist;
				LD_RUNPATH_SEARCH_PATHS = (
					"$(inherited)",
					"@executable_path/Frameworks",
					"@loader_path/Frameworks",
				);
				PRODUCT_BUNDLE_IDENTIFIER = de.markusfassbender.MusicAlbumsTests;
				PRODUCT_NAME = "$(TARGET_NAME)";
				TARGETED_DEVICE_FAMILY = "1,2";
				TEST_HOST = "$(BUILT_PRODUCTS_DIR)/MusicAlbums.app/MusicAlbums";
			};
			name = Release;
		};
		E6FE7F0E22BAB0E7005E1339 /* Debug */ = {
			isa = XCBuildConfiguration;
			baseConfigurationReference = 10A459A489664700479698B4 /* Pods-Models.debug.xcconfig */;
			buildSettings = {
				CODE_SIGN_IDENTITY = "";
				CODE_SIGN_STYLE = Automatic;
				CURRENT_PROJECT_VERSION = 1;
				DEFINES_MODULE = YES;
				DEVELOPMENT_TEAM = V3GCB27K47;
				DYLIB_COMPATIBILITY_VERSION = 1;
				DYLIB_CURRENT_VERSION = 1;
				DYLIB_INSTALL_NAME_BASE = "@rpath";
				INFOPLIST_FILE = Models/Info.plist;
				INSTALL_PATH = "$(LOCAL_LIBRARY_DIR)/Frameworks";
				IPHONEOS_DEPLOYMENT_TARGET = 13.2;
				LD_RUNPATH_SEARCH_PATHS = (
					"$(inherited)",
					"@executable_path/Frameworks",
					"@loader_path/Frameworks",
				);
				PRODUCT_BUNDLE_IDENTIFIER = de.markusfassbender.Models;
				PRODUCT_NAME = "$(TARGET_NAME:c99extidentifier)";
				SKIP_INSTALL = YES;
				TARGETED_DEVICE_FAMILY = "1,2";
				VERSIONING_SYSTEM = "apple-generic";
				VERSION_INFO_PREFIX = "";
			};
			name = Debug;
		};
		E6FE7F0F22BAB0E7005E1339 /* Release */ = {
			isa = XCBuildConfiguration;
			baseConfigurationReference = 77A2F11E7654F5BE5EDD2FF7 /* Pods-Models.release.xcconfig */;
			buildSettings = {
				CODE_SIGN_IDENTITY = "";
				CODE_SIGN_STYLE = Automatic;
				CURRENT_PROJECT_VERSION = 1;
				DEFINES_MODULE = YES;
				DEVELOPMENT_TEAM = V3GCB27K47;
				DYLIB_COMPATIBILITY_VERSION = 1;
				DYLIB_CURRENT_VERSION = 1;
				DYLIB_INSTALL_NAME_BASE = "@rpath";
				INFOPLIST_FILE = Models/Info.plist;
				INSTALL_PATH = "$(LOCAL_LIBRARY_DIR)/Frameworks";
				IPHONEOS_DEPLOYMENT_TARGET = 13.2;
				LD_RUNPATH_SEARCH_PATHS = (
					"$(inherited)",
					"@executable_path/Frameworks",
					"@loader_path/Frameworks",
				);
				PRODUCT_BUNDLE_IDENTIFIER = de.markusfassbender.Models;
				PRODUCT_NAME = "$(TARGET_NAME:c99extidentifier)";
				SKIP_INSTALL = YES;
				TARGETED_DEVICE_FAMILY = "1,2";
				VERSIONING_SYSTEM = "apple-generic";
				VERSION_INFO_PREFIX = "";
			};
			name = Release;
		};
		E6FE7F1022BAB0E7005E1339 /* Debug */ = {
			isa = XCBuildConfiguration;
			baseConfigurationReference = 242AC7B41EB9CD1B302ADCDF /* Pods-ModelsTests.debug.xcconfig */;
			buildSettings = {
				ALWAYS_EMBED_SWIFT_STANDARD_LIBRARIES = YES;
				CODE_SIGN_STYLE = Automatic;
				DEVELOPMENT_TEAM = V3GCB27K47;
				INFOPLIST_FILE = ModelsTests/Info.plist;
				LD_RUNPATH_SEARCH_PATHS = (
					"$(inherited)",
					"@executable_path/Frameworks",
					"@loader_path/Frameworks",
				);
				PRODUCT_BUNDLE_IDENTIFIER = de.markusfassbender.ModelsTests;
				PRODUCT_NAME = "$(TARGET_NAME)";
				TARGETED_DEVICE_FAMILY = "1,2";
				TEST_HOST = "$(BUILT_PRODUCTS_DIR)/MusicAlbums.app/MusicAlbums";
			};
			name = Debug;
		};
		E6FE7F1122BAB0E7005E1339 /* Release */ = {
			isa = XCBuildConfiguration;
			baseConfigurationReference = FB59561EB8EF681B5C3DD725 /* Pods-ModelsTests.release.xcconfig */;
			buildSettings = {
				ALWAYS_EMBED_SWIFT_STANDARD_LIBRARIES = YES;
				CODE_SIGN_STYLE = Automatic;
				DEVELOPMENT_TEAM = V3GCB27K47;
				INFOPLIST_FILE = ModelsTests/Info.plist;
				LD_RUNPATH_SEARCH_PATHS = (
					"$(inherited)",
					"@executable_path/Frameworks",
					"@loader_path/Frameworks",
				);
				PRODUCT_BUNDLE_IDENTIFIER = de.markusfassbender.ModelsTests;
				PRODUCT_NAME = "$(TARGET_NAME)";
				TARGETED_DEVICE_FAMILY = "1,2";
				TEST_HOST = "$(BUILT_PRODUCTS_DIR)/MusicAlbums.app/MusicAlbums";
			};
			name = Release;
		};
		E6FE7F3D22BAC326005E1339 /* Debug */ = {
			isa = XCBuildConfiguration;
			baseConfigurationReference = A5E4178200334BE6AD06A861 /* Pods-NetworkService.debug.xcconfig */;
			buildSettings = {
				CODE_SIGN_IDENTITY = "";
				CODE_SIGN_STYLE = Automatic;
				CURRENT_PROJECT_VERSION = 1;
				DEFINES_MODULE = YES;
				DEVELOPMENT_TEAM = V3GCB27K47;
				DYLIB_COMPATIBILITY_VERSION = 1;
				DYLIB_CURRENT_VERSION = 1;
				DYLIB_INSTALL_NAME_BASE = "@rpath";
				INFOPLIST_FILE = NetworkService/Info.plist;
				INSTALL_PATH = "$(LOCAL_LIBRARY_DIR)/Frameworks";
				IPHONEOS_DEPLOYMENT_TARGET = 13.2;
				LD_RUNPATH_SEARCH_PATHS = (
					"$(inherited)",
					"@executable_path/Frameworks",
					"@loader_path/Frameworks",
				);
				PRODUCT_BUNDLE_IDENTIFIER = de.markusfassbender.NetworkService;
				PRODUCT_NAME = "$(TARGET_NAME:c99extidentifier)";
				SKIP_INSTALL = YES;
				TARGETED_DEVICE_FAMILY = "1,2";
				VERSIONING_SYSTEM = "apple-generic";
				VERSION_INFO_PREFIX = "";
			};
			name = Debug;
		};
		E6FE7F3E22BAC326005E1339 /* Release */ = {
			isa = XCBuildConfiguration;
			baseConfigurationReference = 54A9BBB4D6931CE810AC50A1 /* Pods-NetworkService.release.xcconfig */;
			buildSettings = {
				CODE_SIGN_IDENTITY = "";
				CODE_SIGN_STYLE = Automatic;
				CURRENT_PROJECT_VERSION = 1;
				DEFINES_MODULE = YES;
				DEVELOPMENT_TEAM = V3GCB27K47;
				DYLIB_COMPATIBILITY_VERSION = 1;
				DYLIB_CURRENT_VERSION = 1;
				DYLIB_INSTALL_NAME_BASE = "@rpath";
				INFOPLIST_FILE = NetworkService/Info.plist;
				INSTALL_PATH = "$(LOCAL_LIBRARY_DIR)/Frameworks";
				IPHONEOS_DEPLOYMENT_TARGET = 13.2;
				LD_RUNPATH_SEARCH_PATHS = (
					"$(inherited)",
					"@executable_path/Frameworks",
					"@loader_path/Frameworks",
				);
				PRODUCT_BUNDLE_IDENTIFIER = de.markusfassbender.NetworkService;
				PRODUCT_NAME = "$(TARGET_NAME:c99extidentifier)";
				SKIP_INSTALL = YES;
				TARGETED_DEVICE_FAMILY = "1,2";
				VERSIONING_SYSTEM = "apple-generic";
				VERSION_INFO_PREFIX = "";
			};
			name = Release;
		};
		E6FE7F4022BAC326005E1339 /* Debug */ = {
			isa = XCBuildConfiguration;
			baseConfigurationReference = 3DEAB2D89EC5F7FE23B828FF /* Pods-NetworkServiceTests.debug.xcconfig */;
			buildSettings = {
				ALWAYS_EMBED_SWIFT_STANDARD_LIBRARIES = YES;
				CODE_SIGN_STYLE = Automatic;
				DEVELOPMENT_TEAM = V3GCB27K47;
				INFOPLIST_FILE = NetworkServiceTests/Info.plist;
				LD_RUNPATH_SEARCH_PATHS = (
					"$(inherited)",
					"@executable_path/Frameworks",
					"@loader_path/Frameworks",
				);
				PRODUCT_BUNDLE_IDENTIFIER = de.markusfassbender.NetworkServiceTests;
				PRODUCT_NAME = "$(TARGET_NAME)";
				TARGETED_DEVICE_FAMILY = "1,2";
				TEST_HOST = "$(BUILT_PRODUCTS_DIR)/MusicAlbums.app/MusicAlbums";
			};
			name = Debug;
		};
		E6FE7F4122BAC326005E1339 /* Release */ = {
			isa = XCBuildConfiguration;
			baseConfigurationReference = DCC13EB4438714725A40AB0F /* Pods-NetworkServiceTests.release.xcconfig */;
			buildSettings = {
				ALWAYS_EMBED_SWIFT_STANDARD_LIBRARIES = YES;
				CODE_SIGN_STYLE = Automatic;
				DEVELOPMENT_TEAM = V3GCB27K47;
				INFOPLIST_FILE = NetworkServiceTests/Info.plist;
				LD_RUNPATH_SEARCH_PATHS = (
					"$(inherited)",
					"@executable_path/Frameworks",
					"@loader_path/Frameworks",
				);
				PRODUCT_BUNDLE_IDENTIFIER = de.markusfassbender.NetworkServiceTests;
				PRODUCT_NAME = "$(TARGET_NAME)";
				TARGETED_DEVICE_FAMILY = "1,2";
				TEST_HOST = "$(BUILT_PRODUCTS_DIR)/MusicAlbums.app/MusicAlbums";
			};
			name = Release;
		};
/* End XCBuildConfiguration section */

/* Begin XCConfigurationList section */
		E6B59CEE22BB660A00F72E3A /* Build configuration list for PBXNativeTarget "DataStore" */ = {
			isa = XCConfigurationList;
			buildConfigurations = (
				E6B59CEA22BB660A00F72E3A /* Debug */,
				E6B59CEB22BB660A00F72E3A /* Release */,
			);
			defaultConfigurationIsVisible = 0;
			defaultConfigurationName = Release;
		};
		E6B59CEF22BB660A00F72E3A /* Build configuration list for PBXNativeTarget "DataStoreTests" */ = {
			isa = XCConfigurationList;
			buildConfigurations = (
				E6B59CEC22BB660A00F72E3A /* Debug */,
				E6B59CED22BB660A00F72E3A /* Release */,
			);
			defaultConfigurationIsVisible = 0;
			defaultConfigurationName = Release;
		};
		E6DDD20B22B4E702002BFA61 /* Build configuration list for PBXProject "MusicAlbums" */ = {
			isa = XCConfigurationList;
			buildConfigurations = (
				E6DDD22B22B4E703002BFA61 /* Debug */,
				E6DDD22C22B4E703002BFA61 /* Release */,
			);
			defaultConfigurationIsVisible = 0;
			defaultConfigurationName = Release;
		};
		E6DDD22D22B4E703002BFA61 /* Build configuration list for PBXNativeTarget "MusicAlbums" */ = {
			isa = XCConfigurationList;
			buildConfigurations = (
				E6DDD22E22B4E703002BFA61 /* Debug */,
				E6DDD22F22B4E703002BFA61 /* Release */,
			);
			defaultConfigurationIsVisible = 0;
			defaultConfigurationName = Release;
		};
		E6DDD23022B4E703002BFA61 /* Build configuration list for PBXNativeTarget "MusicAlbumsTests" */ = {
			isa = XCConfigurationList;
			buildConfigurations = (
				E6DDD23122B4E703002BFA61 /* Debug */,
				E6DDD23222B4E703002BFA61 /* Release */,
			);
			defaultConfigurationIsVisible = 0;
			defaultConfigurationName = Release;
		};
		E6FE7F1222BAB0E7005E1339 /* Build configuration list for PBXNativeTarget "Models" */ = {
			isa = XCConfigurationList;
			buildConfigurations = (
				E6FE7F0E22BAB0E7005E1339 /* Debug */,
				E6FE7F0F22BAB0E7005E1339 /* Release */,
			);
			defaultConfigurationIsVisible = 0;
			defaultConfigurationName = Release;
		};
		E6FE7F1422BAB0E7005E1339 /* Build configuration list for PBXNativeTarget "ModelsTests" */ = {
			isa = XCConfigurationList;
			buildConfigurations = (
				E6FE7F1022BAB0E7005E1339 /* Debug */,
				E6FE7F1122BAB0E7005E1339 /* Release */,
			);
			defaultConfigurationIsVisible = 0;
			defaultConfigurationName = Release;
		};
		E6FE7F3C22BAC326005E1339 /* Build configuration list for PBXNativeTarget "NetworkService" */ = {
			isa = XCConfigurationList;
			buildConfigurations = (
				E6FE7F3D22BAC326005E1339 /* Debug */,
				E6FE7F3E22BAC326005E1339 /* Release */,
			);
			defaultConfigurationIsVisible = 0;
			defaultConfigurationName = Release;
		};
		E6FE7F3F22BAC326005E1339 /* Build configuration list for PBXNativeTarget "NetworkServiceTests" */ = {
			isa = XCConfigurationList;
			buildConfigurations = (
				E6FE7F4022BAC326005E1339 /* Debug */,
				E6FE7F4122BAC326005E1339 /* Release */,
			);
			defaultConfigurationIsVisible = 0;
			defaultConfigurationName = Release;
		};
/* End XCConfigurationList section */
	};
	rootObject = E6DDD20822B4E702002BFA61 /* Project object */;
}
